// !$*UTF8*$!
{
	archiveVersion = 1;
	classes = {
	};
	objectVersion = 46;
	objects = {

/* Begin PBXBuildFile section */
		301F22F61F2F4807003A2DC7 /* SettingsViewModel.swift in Sources */ = {isa = PBXBuildFile; fileRef = 301F22F51F2F4807003A2DC7 /* SettingsViewModel.swift */; };
		301F50F31F276BBC00B86B10 /* AppDelegate.swift in Sources */ = {isa = PBXBuildFile; fileRef = 301F50AD1F276BBC00B86B10 /* AppDelegate.swift */; };
		301F50F41F276BBC00B86B10 /* Closures.swift in Sources */ = {isa = PBXBuildFile; fileRef = 301F50AE1F276BBC00B86B10 /* Closures.swift */; };
		301F50F51F276BBC00B86B10 /* Constants.swift in Sources */ = {isa = PBXBuildFile; fileRef = 301F50AF1F276BBC00B86B10 /* Constants.swift */; };
		301F50F91F276BBC00B86B10 /* BaseTVC.swift in Sources */ = {isa = PBXBuildFile; fileRef = 301F50B51F276BBC00B86B10 /* BaseTVC.swift */; };
		301F50FA1F276BBC00B86B10 /* BaseVC.swift in Sources */ = {isa = PBXBuildFile; fileRef = 301F50B61F276BBC00B86B10 /* BaseVC.swift */; };
		301F50FB1F276BBC00B86B10 /* TabBarVC.swift in Sources */ = {isa = PBXBuildFile; fileRef = 301F50B71F276BBC00B86B10 /* TabBarVC.swift */; };
		301F51011F276BBC00B86B10 /* CGFloat.swift in Sources */ = {isa = PBXBuildFile; fileRef = 301F50BE1F276BBC00B86B10 /* CGFloat.swift */; };
		301F51021F276BBC00B86B10 /* CLLocation.swift in Sources */ = {isa = PBXBuildFile; fileRef = 301F50BF1F276BBC00B86B10 /* CLLocation.swift */; };
		301F51031F276BBC00B86B10 /* Color.swift in Sources */ = {isa = PBXBuildFile; fileRef = 301F50C01F276BBC00B86B10 /* Color.swift */; };
		301F51041F276BBC00B86B10 /* GFunctions.swift in Sources */ = {isa = PBXBuildFile; fileRef = 301F50C11F276BBC00B86B10 /* GFunctions.swift */; };
		301F51051F276BBC00B86B10 /* String.swift in Sources */ = {isa = PBXBuildFile; fileRef = 301F50C21F276BBC00B86B10 /* String.swift */; };
		301F51061F276BBC00B86B10 /* GZIP.m in Sources */ = {isa = PBXBuildFile; fileRef = 301F50C61F276BBC00B86B10 /* GZIP.m */; };
		301F51071F276BBC00B86B10 /* NSString+MD5.m in Sources */ = {isa = PBXBuildFile; fileRef = 301F50C91F276BBC00B86B10 /* NSString+MD5.m */; };
		301F51081F276BBC00B86B10 /* PrintExtensions.swift in Sources */ = {isa = PBXBuildFile; fileRef = 301F50CB1F276BBC00B86B10 /* PrintExtensions.swift */; };
		301F51091F276BBC00B86B10 /* Utilities.swift in Sources */ = {isa = PBXBuildFile; fileRef = 301F50CC1F276BBC00B86B10 /* Utilities.swift */; };
		301F510A1F276BBC00B86B10 /* AlertManager.swift in Sources */ = {isa = PBXBuildFile; fileRef = 301F50CF1F276BBC00B86B10 /* AlertManager.swift */; };
		301F510B1F276BBC00B86B10 /* AnalyticManager.swift in Sources */ = {isa = PBXBuildFile; fileRef = 301F50D01F276BBC00B86B10 /* AnalyticManager.swift */; };
		301F510C1F276BBC00B86B10 /* AutostartManager.swift in Sources */ = {isa = PBXBuildFile; fileRef = 301F50D11F276BBC00B86B10 /* AutostartManager.swift */; };
		301F510D1F276BBC00B86B10 /* DateManager.swift in Sources */ = {isa = PBXBuildFile; fileRef = 301F50D21F276BBC00B86B10 /* DateManager.swift */; };
		301F510E1F276BBC00B86B10 /* HUDManaged.swift in Sources */ = {isa = PBXBuildFile; fileRef = 301F50D31F276BBC00B86B10 /* HUDManaged.swift */; };
		301F510F1F276BBC00B86B10 /* LocationManager.swift in Sources */ = {isa = PBXBuildFile; fileRef = 301F50D41F276BBC00B86B10 /* LocationManager.swift */; };
		301F51101F276BBC00B86B10 /* MotionManager.swift in Sources */ = {isa = PBXBuildFile; fileRef = 301F50D51F276BBC00B86B10 /* MotionManager.swift */; };
		301F51111F276BBC00B86B10 /* RealmManager.swift in Sources */ = {isa = PBXBuildFile; fileRef = 301F50D61F276BBC00B86B10 /* RealmManager.swift */; };
		301F51121F276BBC00B86B10 /* RecordService.swift in Sources */ = {isa = PBXBuildFile; fileRef = 301F50D71F276BBC00B86B10 /* RecordService.swift */; };
		301F51131F276BBC00B86B10 /* SettingsManager.swift in Sources */ = {isa = PBXBuildFile; fileRef = 301F50D81F276BBC00B86B10 /* SettingsManager.swift */; };
		301F51151F276BBC00B86B10 /* NetworkManager.swift in Sources */ = {isa = PBXBuildFile; fileRef = 301F50DB1F276BBC00B86B10 /* NetworkManager.swift */; };
		301F51191F276BBC00B86B10 /* MainVCProtocol.swift in Sources */ = {isa = PBXBuildFile; fileRef = 301F50E01F276BBC00B86B10 /* MainVCProtocol.swift */; };
		301F511A1F276BBC00B86B10 /* PitProtocol.swift in Sources */ = {isa = PBXBuildFile; fileRef = 301F50E11F276BBC00B86B10 /* PitProtocol.swift */; };
		301F513C1F276BE900B86B10 /* FooterSignIn.swift in Sources */ = {isa = PBXBuildFile; fileRef = 301F512E1F276BE900B86B10 /* FooterSignIn.swift */; };
		301F513D1F276BE900B86B10 /* FooterText.swift in Sources */ = {isa = PBXBuildFile; fileRef = 301F512F1F276BE900B86B10 /* FooterText.swift */; };
		301F51401F276BE900B86B10 /* GraphView.swift in Sources */ = {isa = PBXBuildFile; fileRef = 301F51321F276BE900B86B10 /* GraphView.swift */; };
		301F51411F276BE900B86B10 /* BaseCell.swift in Sources */ = {isa = PBXBuildFile; fileRef = 301F51341F276BE900B86B10 /* BaseCell.swift */; };
		301F51421F276BE900B86B10 /* RecordedCell.swift in Sources */ = {isa = PBXBuildFile; fileRef = 301F51351F276BE900B86B10 /* RecordedCell.swift */; };
		301F51431F276BE900B86B10 /* SettingsSwitchCell.swift in Sources */ = {isa = PBXBuildFile; fileRef = 301F51361F276BE900B86B10 /* SettingsSwitchCell.swift */; };
		301F51441F276BE900B86B10 /* SettingsTFCell.swift in Sources */ = {isa = PBXBuildFile; fileRef = 301F51371F276BE900B86B10 /* SettingsTFCell.swift */; };
		301F51561F276CFA00B86B10 /* GoogleService-Info.plist in Resources */ = {isa = PBXBuildFile; fileRef = 301F51471F276CFA00B86B10 /* GoogleService-Info.plist */; };
		301F51571F276CFA00B86B10 /* error.m4a in Resources */ = {isa = PBXBuildFile; fileRef = 301F51491F276CFA00B86B10 /* error.m4a */; };
		301F51581F276CFA00B86B10 /* pit-0.m4a in Resources */ = {isa = PBXBuildFile; fileRef = 301F514A1F276CFA00B86B10 /* pit-0.m4a */; };
		301F51591F276CFA00B86B10 /* pit-1.aiff in Resources */ = {isa = PBXBuildFile; fileRef = 301F514B1F276CFA00B86B10 /* pit-1.aiff */; };
		301F515A1F276CFA00B86B10 /* pit-2.aiff in Resources */ = {isa = PBXBuildFile; fileRef = 301F514C1F276CFA00B86B10 /* pit-2.aiff */; };
		301F515B1F276CFA00B86B10 /* pit-3.aiff in Resources */ = {isa = PBXBuildFile; fileRef = 301F514D1F276CFA00B86B10 /* pit-3.aiff */; };
		301F515C1F276CFA00B86B10 /* pit-4.aiff in Resources */ = {isa = PBXBuildFile; fileRef = 301F514E1F276CFA00B86B10 /* pit-4.aiff */; };
		301F515D1F276CFA00B86B10 /* pit-5.aiff in Resources */ = {isa = PBXBuildFile; fileRef = 301F514F1F276CFA00B86B10 /* pit-5.aiff */; };
		301F515E1F276CFA00B86B10 /* start-rec-en.m4a in Resources */ = {isa = PBXBuildFile; fileRef = 301F51501F276CFA00B86B10 /* start-rec-en.m4a */; };
		301F515F1F276CFA00B86B10 /* start-rec-uk.m4a in Resources */ = {isa = PBXBuildFile; fileRef = 301F51511F276CFA00B86B10 /* start-rec-uk.m4a */; };
		301F51601F276CFA00B86B10 /* start-rec.m4a in Resources */ = {isa = PBXBuildFile; fileRef = 301F51521F276CFA00B86B10 /* start-rec.m4a */; };
		301F51611F276CFA00B86B10 /* stop-rec-en.m4a in Resources */ = {isa = PBXBuildFile; fileRef = 301F51531F276CFA00B86B10 /* stop-rec-en.m4a */; };
		301F51621F276CFA00B86B10 /* stop-rec-uk.m4a in Resources */ = {isa = PBXBuildFile; fileRef = 301F51541F276CFA00B86B10 /* stop-rec-uk.m4a */; };
		301F51631F276CFA00B86B10 /* stop-rec.m4a in Resources */ = {isa = PBXBuildFile; fileRef = 301F51551F276CFA00B86B10 /* stop-rec.m4a */; };
		301F51691F276EE400B86B10 /* CurrentTrackView.swift in Sources */ = {isa = PBXBuildFile; fileRef = 301F51651F276EE400B86B10 /* CurrentTrackView.swift */; };
		301F516A1F276EE400B86B10 /* CurrentTrackView.xib in Resources */ = {isa = PBXBuildFile; fileRef = 301F51661F276EE400B86B10 /* CurrentTrackView.xib */; };
		301F516B1F276EE400B86B10 /* GpsStatusView.swift in Sources */ = {isa = PBXBuildFile; fileRef = 301F51671F276EE400B86B10 /* GpsStatusView.swift */; };
		301F516C1F276EE400B86B10 /* GpsStatusView.xib in Resources */ = {isa = PBXBuildFile; fileRef = 301F51681F276EE400B86B10 /* GpsStatusView.xib */; };
		301F51701F276EF100B86B10 /* ArcButton.swift in Sources */ = {isa = PBXBuildFile; fileRef = 301F516E1F276EF100B86B10 /* ArcButton.swift */; };
		301F51711F276EF100B86B10 /* BorderButton.swift in Sources */ = {isa = PBXBuildFile; fileRef = 301F516F1F276EF100B86B10 /* BorderButton.swift */; };
		301F51751F276F6200B86B10 /* PitModel.swift in Sources */ = {isa = PBXBuildFile; fileRef = 301F51731F276F6200B86B10 /* PitModel.swift */; };
		301F51761F276F6200B86B10 /* TrackModel.swift in Sources */ = {isa = PBXBuildFile; fileRef = 301F51741F276F6200B86B10 /* TrackModel.swift */; };
		301F51781F276FB600B86B10 /* SearchResultModel.swift in Sources */ = {isa = PBXBuildFile; fileRef = 301F51771F276FB600B86B10 /* SearchResultModel.swift */; };
		301F51821F2771F100B86B10 /* TutorialVC.swift in Sources */ = {isa = PBXBuildFile; fileRef = 301F517A1F2771F100B86B10 /* TutorialVC.swift */; };
		301F51831F2771F100B86B10 /* TracksVC.swift in Sources */ = {isa = PBXBuildFile; fileRef = 301F517C1F2771F100B86B10 /* TracksVC.swift */; };
		301F51841F2771F100B86B10 /* SettingsVC.swift in Sources */ = {isa = PBXBuildFile; fileRef = 301F517E1F2771F100B86B10 /* SettingsVC.swift */; };
		301F51851F2771F100B86B10 /* RouteBuidVC.swift in Sources */ = {isa = PBXBuildFile; fileRef = 301F51801F2771F100B86B10 /* RouteBuidVC.swift */; };
		301F51861F2771F100B86B10 /* RoutesVC.swift in Sources */ = {isa = PBXBuildFile; fileRef = 301F51811F2771F100B86B10 /* RoutesVC.swift */; };
		301F518A1F2771FC00B86B10 /* RecordTrackVC.swift in Sources */ = {isa = PBXBuildFile; fileRef = 301F51881F2771FC00B86B10 /* RecordTrackVC.swift */; };
		301F518B1F2771FC00B86B10 /* RecordTrackVC.xib in Resources */ = {isa = PBXBuildFile; fileRef = 301F51891F2771FC00B86B10 /* RecordTrackVC.xib */; };
		301F518D1F277F0300B86B10 /* RecordTrackViewModel.swift in Sources */ = {isa = PBXBuildFile; fileRef = 301F518C1F277F0300B86B10 /* RecordTrackViewModel.swift */; };
		301F518F1F289AB200B86B10 /* TracksFileManager.swift in Sources */ = {isa = PBXBuildFile; fileRef = 301F518E1F289AB200B86B10 /* TracksFileManager.swift */; };
		301F51911F29DE7C00B86B10 /* SendTracksService.swift in Sources */ = {isa = PBXBuildFile; fileRef = 301F51901F29DE7C00B86B10 /* SendTracksService.swift */; };
		301F51941F29E0E000B86B10 /* NetworkConnectionManager.swift in Sources */ = {isa = PBXBuildFile; fileRef = 301F51931F29E0E000B86B10 /* NetworkConnectionManager.swift */; };
		3D16F4A41FA9B7C800C6436A /* BaseRequestProtocol.swift in Sources */ = {isa = PBXBuildFile; fileRef = 3D16F4A31FA9B7C200C6436A /* BaseRequestProtocol.swift */; };
		3D16F4A51FA9B7CC00C6436A /* APIUARoads.swift in Sources */ = {isa = PBXBuildFile; fileRef = 3D16F4A21FA9B7C200C6436A /* APIUARoads.swift */; };
		3D16F4A61FA9B7D000C6436A /* SignInRequest.swift in Sources */ = {isa = PBXBuildFile; fileRef = 3D16F49B1FA9B7C200C6436A /* SignInRequest.swift */; };
		3D16F4A71FA9B7D200C6436A /* StatisticRequest.swift in Sources */ = {isa = PBXBuildFile; fileRef = 3D16F49C1FA9B7C200C6436A /* StatisticRequest.swift */; };
		3D16F4A81FA9B7D400C6436A /* SendRecordTrackRequest.swift in Sources */ = {isa = PBXBuildFile; fileRef = 3D16F49D1FA9B7C200C6436A /* SendRecordTrackRequest.swift */; };
		3D16F4A91FA9B7D600C6436A /* SearchGeoRequest.swift in Sources */ = {isa = PBXBuildFile; fileRef = 3D16F49E1FA9B7C200C6436A /* SearchGeoRequest.swift */; };
		3D16F4AB1FA9B9F900C6436A /* BaseRequest.swift in Sources */ = {isa = PBXBuildFile; fileRef = 3D16F4A01FA9B7C200C6436A /* BaseRequest.swift */; };
		3D3F9C8B1FB08B2B005B78DB /* RouteCheckRequest.swift in Sources */ = {isa = PBXBuildFile; fileRef = 3D3F9C8A1FB08B2B005B78DB /* RouteCheckRequest.swift */; };
		427E76A31F4321440057CA36 /* Localizable.strings in Resources */ = {isa = PBXBuildFile; fileRef = 427E76A51F4321440057CA36 /* Localizable.strings */; };
		48075CA4CBED26BAB3AF33AF /* Pods_UARoads_swift.framework in Frameworks */ = {isa = PBXBuildFile; fileRef = 30673E954EFA26D128065E89 /* Pods_UARoads_swift.framework */; };
		8436D3151F98DF1100C4C3C9 /* AlertRenderer.swift in Sources */ = {isa = PBXBuildFile; fileRef = 8436D3141F98DF1100C4C3C9 /* AlertRenderer.swift */; };
		8454F1D81F9E12C800D59ACB /* Storyboard.swift in Sources */ = {isa = PBXBuildFile; fileRef = 8454F1D71F9E12C800D59ACB /* Storyboard.swift */; };
		8454F1DA1F9E137400D59ACB /* RecordTrackVC.storyboard in Resources */ = {isa = PBXBuildFile; fileRef = 8454F1D91F9E137400D59ACB /* RecordTrackVC.storyboard */; };
		F40D92E71E97768B00647D5E /* Assets.xcassets in Resources */ = {isa = PBXBuildFile; fileRef = F40D92E61E97768B00647D5E /* Assets.xcassets */; };
		F40D92EA1E97768B00647D5E /* LaunchScreen.storyboard in Resources */ = {isa = PBXBuildFile; fileRef = F40D92E81E97768B00647D5E /* LaunchScreen.storyboard */; };
		F40DBF4A1EAF6C54002F6C11 /* Navigation.storyboard in Resources */ = {isa = PBXBuildFile; fileRef = F40DBF231EAF6C54002F6C11 /* Navigation.storyboard */; };
		F40DBF4B1EAF6C54002F6C11 /* MKMapView+ZoomLevel.m in Sources */ = {isa = PBXBuildFile; fileRef = F40DBF291EAF6C54002F6C11 /* MKMapView+ZoomLevel.m */; };
		F40DBF4C1EAF6C54002F6C11 /* MKPolyline+UARPolylineEncodedString.m in Sources */ = {isa = PBXBuildFile; fileRef = F40DBF2B1EAF6C54002F6C11 /* MKPolyline+UARPolylineEncodedString.m */; };
		F40DBF4D1EAF6C54002F6C11 /* NSString+UARString.m in Sources */ = {isa = PBXBuildFile; fileRef = F40DBF2D1EAF6C54002F6C11 /* NSString+UARString.m */; };
		F40DBF4E1EAF6C54002F6C11 /* UIColor+UARColor.m in Sources */ = {isa = PBXBuildFile; fileRef = F40DBF2F1EAF6C54002F6C11 /* UIColor+UARColor.m */; };
		F40DBF4F1EAF6C54002F6C11 /* UARDefines.m in Sources */ = {isa = PBXBuildFile; fileRef = F40DBF321EAF6C54002F6C11 /* UARDefines.m */; };
		F40DBF501EAF6C54002F6C11 /* UARInstruction.m in Sources */ = {isa = PBXBuildFile; fileRef = F40DBF361EAF6C54002F6C11 /* UARInstruction.m */; };
		F40DBF511EAF6C54002F6C11 /* UARRoute.m in Sources */ = {isa = PBXBuildFile; fileRef = F40DBF391EAF6C54002F6C11 /* UARRoute.m */; };
		F40DBF521EAF6C54002F6C11 /* UARMapDataProvider.m in Sources */ = {isa = PBXBuildFile; fileRef = F40DBF3C1EAF6C54002F6C11 /* UARMapDataProvider.m */; };
		F40DBF531EAF6C54002F6C11 /* UARRoadController.m in Sources */ = {isa = PBXBuildFile; fileRef = F40DBF3F1EAF6C54002F6C11 /* UARRoadController.m */; };
		F40DBF541EAF6C54002F6C11 /* UARRouteJSONParser.m in Sources */ = {isa = PBXBuildFile; fileRef = F40DBF421EAF6C54002F6C11 /* UARRouteJSONParser.m */; };
		F40DBF551EAF6C54002F6C11 /* UARCircleButton.m in Sources */ = {isa = PBXBuildFile; fileRef = F40DBF461EAF6C54002F6C11 /* UARCircleButton.m */; };
		F40DBF561EAF6C54002F6C11 /* Graphics.xcassets in Resources */ = {isa = PBXBuildFile; fileRef = F40DBF471EAF6C54002F6C11 /* Graphics.xcassets */; };
		F40DBF581EAF6C54002F6C11 /* Signs.xcassets in Resources */ = {isa = PBXBuildFile; fileRef = F40DBF491EAF6C54002F6C11 /* Signs.xcassets */; };
/* End PBXBuildFile section */

/* Begin PBXFileReference section */
		301F22F51F2F4807003A2DC7 /* SettingsViewModel.swift */ = {isa = PBXFileReference; fileEncoding = 4; lastKnownFileType = sourcecode.swift; path = SettingsViewModel.swift; sourceTree = "<group>"; };
		301F50AD1F276BBC00B86B10 /* AppDelegate.swift */ = {isa = PBXFileReference; fileEncoding = 4; lastKnownFileType = sourcecode.swift; path = AppDelegate.swift; sourceTree = "<group>"; };
		301F50AE1F276BBC00B86B10 /* Closures.swift */ = {isa = PBXFileReference; fileEncoding = 4; lastKnownFileType = sourcecode.swift; path = Closures.swift; sourceTree = "<group>"; };
		301F50AF1F276BBC00B86B10 /* Constants.swift */ = {isa = PBXFileReference; fileEncoding = 4; lastKnownFileType = sourcecode.swift; path = Constants.swift; sourceTree = "<group>"; };
		301F50B51F276BBC00B86B10 /* BaseTVC.swift */ = {isa = PBXFileReference; fileEncoding = 4; lastKnownFileType = sourcecode.swift; path = BaseTVC.swift; sourceTree = "<group>"; };
		301F50B61F276BBC00B86B10 /* BaseVC.swift */ = {isa = PBXFileReference; fileEncoding = 4; lastKnownFileType = sourcecode.swift; path = BaseVC.swift; sourceTree = "<group>"; };
		301F50B71F276BBC00B86B10 /* TabBarVC.swift */ = {isa = PBXFileReference; fileEncoding = 4; lastKnownFileType = sourcecode.swift; path = TabBarVC.swift; sourceTree = "<group>"; };
		301F50BE1F276BBC00B86B10 /* CGFloat.swift */ = {isa = PBXFileReference; fileEncoding = 4; lastKnownFileType = sourcecode.swift; path = CGFloat.swift; sourceTree = "<group>"; };
		301F50BF1F276BBC00B86B10 /* CLLocation.swift */ = {isa = PBXFileReference; fileEncoding = 4; lastKnownFileType = sourcecode.swift; path = CLLocation.swift; sourceTree = "<group>"; };
		301F50C01F276BBC00B86B10 /* Color.swift */ = {isa = PBXFileReference; fileEncoding = 4; lastKnownFileType = sourcecode.swift; path = Color.swift; sourceTree = "<group>"; };
		301F50C11F276BBC00B86B10 /* GFunctions.swift */ = {isa = PBXFileReference; fileEncoding = 4; lastKnownFileType = sourcecode.swift; path = GFunctions.swift; sourceTree = "<group>"; };
		301F50C21F276BBC00B86B10 /* String.swift */ = {isa = PBXFileReference; fileEncoding = 4; lastKnownFileType = sourcecode.swift; path = String.swift; sourceTree = "<group>"; };
		301F50C51F276BBC00B86B10 /* GZIP.h */ = {isa = PBXFileReference; fileEncoding = 4; lastKnownFileType = sourcecode.c.h; path = GZIP.h; sourceTree = "<group>"; };
		301F50C61F276BBC00B86B10 /* GZIP.m */ = {isa = PBXFileReference; fileEncoding = 4; lastKnownFileType = sourcecode.c.objc; path = GZIP.m; sourceTree = "<group>"; };
		301F50C81F276BBC00B86B10 /* NSString+MD5.h */ = {isa = PBXFileReference; fileEncoding = 4; lastKnownFileType = sourcecode.c.h; path = "NSString+MD5.h"; sourceTree = "<group>"; };
		301F50C91F276BBC00B86B10 /* NSString+MD5.m */ = {isa = PBXFileReference; fileEncoding = 4; lastKnownFileType = sourcecode.c.objc; path = "NSString+MD5.m"; sourceTree = "<group>"; };
		301F50CB1F276BBC00B86B10 /* PrintExtensions.swift */ = {isa = PBXFileReference; fileEncoding = 4; lastKnownFileType = sourcecode.swift; path = PrintExtensions.swift; sourceTree = "<group>"; };
		301F50CC1F276BBC00B86B10 /* Utilities.swift */ = {isa = PBXFileReference; fileEncoding = 4; lastKnownFileType = sourcecode.swift; path = Utilities.swift; sourceTree = "<group>"; };
		301F50CF1F276BBC00B86B10 /* AlertManager.swift */ = {isa = PBXFileReference; fileEncoding = 4; lastKnownFileType = sourcecode.swift; path = AlertManager.swift; sourceTree = "<group>"; };
		301F50D01F276BBC00B86B10 /* AnalyticManager.swift */ = {isa = PBXFileReference; fileEncoding = 4; lastKnownFileType = sourcecode.swift; path = AnalyticManager.swift; sourceTree = "<group>"; };
		301F50D11F276BBC00B86B10 /* AutostartManager.swift */ = {isa = PBXFileReference; fileEncoding = 4; lastKnownFileType = sourcecode.swift; path = AutostartManager.swift; sourceTree = "<group>"; };
		301F50D21F276BBC00B86B10 /* DateManager.swift */ = {isa = PBXFileReference; fileEncoding = 4; lastKnownFileType = sourcecode.swift; path = DateManager.swift; sourceTree = "<group>"; };
		301F50D31F276BBC00B86B10 /* HUDManaged.swift */ = {isa = PBXFileReference; fileEncoding = 4; lastKnownFileType = sourcecode.swift; path = HUDManaged.swift; sourceTree = "<group>"; };
		301F50D41F276BBC00B86B10 /* LocationManager.swift */ = {isa = PBXFileReference; fileEncoding = 4; lastKnownFileType = sourcecode.swift; path = LocationManager.swift; sourceTree = "<group>"; };
		301F50D51F276BBC00B86B10 /* MotionManager.swift */ = {isa = PBXFileReference; fileEncoding = 4; lastKnownFileType = sourcecode.swift; path = MotionManager.swift; sourceTree = "<group>"; };
		301F50D61F276BBC00B86B10 /* RealmManager.swift */ = {isa = PBXFileReference; fileEncoding = 4; lastKnownFileType = sourcecode.swift; path = RealmManager.swift; sourceTree = "<group>"; };
		301F50D71F276BBC00B86B10 /* RecordService.swift */ = {isa = PBXFileReference; fileEncoding = 4; lastKnownFileType = sourcecode.swift; path = RecordService.swift; sourceTree = "<group>"; };
		301F50D81F276BBC00B86B10 /* SettingsManager.swift */ = {isa = PBXFileReference; fileEncoding = 4; lastKnownFileType = sourcecode.swift; path = SettingsManager.swift; sourceTree = "<group>"; };
		301F50DB1F276BBC00B86B10 /* NetworkManager.swift */ = {isa = PBXFileReference; fileEncoding = 4; lastKnownFileType = sourcecode.swift; path = NetworkManager.swift; sourceTree = "<group>"; };
		301F50E01F276BBC00B86B10 /* MainVCProtocol.swift */ = {isa = PBXFileReference; fileEncoding = 4; lastKnownFileType = sourcecode.swift; path = MainVCProtocol.swift; sourceTree = "<group>"; };
		301F50E11F276BBC00B86B10 /* PitProtocol.swift */ = {isa = PBXFileReference; fileEncoding = 4; lastKnownFileType = sourcecode.swift; path = PitProtocol.swift; sourceTree = "<group>"; };
		301F50E21F276BBC00B86B10 /* UARoads_swift-Bridging-Header.h */ = {isa = PBXFileReference; fileEncoding = 4; lastKnownFileType = sourcecode.c.h; path = "UARoads_swift-Bridging-Header.h"; sourceTree = "<group>"; };
		301F512E1F276BE900B86B10 /* FooterSignIn.swift */ = {isa = PBXFileReference; fileEncoding = 4; lastKnownFileType = sourcecode.swift; path = FooterSignIn.swift; sourceTree = "<group>"; };
		301F512F1F276BE900B86B10 /* FooterText.swift */ = {isa = PBXFileReference; fileEncoding = 4; lastKnownFileType = sourcecode.swift; path = FooterText.swift; sourceTree = "<group>"; };
		301F51321F276BE900B86B10 /* GraphView.swift */ = {isa = PBXFileReference; fileEncoding = 4; lastKnownFileType = sourcecode.swift; path = GraphView.swift; sourceTree = "<group>"; };
		301F51341F276BE900B86B10 /* BaseCell.swift */ = {isa = PBXFileReference; fileEncoding = 4; lastKnownFileType = sourcecode.swift; path = BaseCell.swift; sourceTree = "<group>"; };
		301F51351F276BE900B86B10 /* RecordedCell.swift */ = {isa = PBXFileReference; fileEncoding = 4; lastKnownFileType = sourcecode.swift; path = RecordedCell.swift; sourceTree = "<group>"; };
		301F51361F276BE900B86B10 /* SettingsSwitchCell.swift */ = {isa = PBXFileReference; fileEncoding = 4; lastKnownFileType = sourcecode.swift; path = SettingsSwitchCell.swift; sourceTree = "<group>"; };
		301F51371F276BE900B86B10 /* SettingsTFCell.swift */ = {isa = PBXFileReference; fileEncoding = 4; lastKnownFileType = sourcecode.swift; path = SettingsTFCell.swift; sourceTree = "<group>"; };
		301F51471F276CFA00B86B10 /* GoogleService-Info.plist */ = {isa = PBXFileReference; fileEncoding = 4; lastKnownFileType = text.plist.xml; path = "GoogleService-Info.plist"; sourceTree = "<group>"; };
		301F51491F276CFA00B86B10 /* error.m4a */ = {isa = PBXFileReference; lastKnownFileType = file; path = error.m4a; sourceTree = "<group>"; };
		301F514A1F276CFA00B86B10 /* pit-0.m4a */ = {isa = PBXFileReference; lastKnownFileType = file; path = "pit-0.m4a"; sourceTree = "<group>"; };
		301F514B1F276CFA00B86B10 /* pit-1.aiff */ = {isa = PBXFileReference; lastKnownFileType = audio.aiff; path = "pit-1.aiff"; sourceTree = "<group>"; };
		301F514C1F276CFA00B86B10 /* pit-2.aiff */ = {isa = PBXFileReference; lastKnownFileType = audio.aiff; path = "pit-2.aiff"; sourceTree = "<group>"; };
		301F514D1F276CFA00B86B10 /* pit-3.aiff */ = {isa = PBXFileReference; lastKnownFileType = audio.aiff; path = "pit-3.aiff"; sourceTree = "<group>"; };
		301F514E1F276CFA00B86B10 /* pit-4.aiff */ = {isa = PBXFileReference; lastKnownFileType = audio.aiff; path = "pit-4.aiff"; sourceTree = "<group>"; };
		301F514F1F276CFA00B86B10 /* pit-5.aiff */ = {isa = PBXFileReference; lastKnownFileType = audio.aiff; path = "pit-5.aiff"; sourceTree = "<group>"; };
		301F51501F276CFA00B86B10 /* start-rec-en.m4a */ = {isa = PBXFileReference; lastKnownFileType = file; path = "start-rec-en.m4a"; sourceTree = "<group>"; };
		301F51511F276CFA00B86B10 /* start-rec-uk.m4a */ = {isa = PBXFileReference; lastKnownFileType = file; path = "start-rec-uk.m4a"; sourceTree = "<group>"; };
		301F51521F276CFA00B86B10 /* start-rec.m4a */ = {isa = PBXFileReference; lastKnownFileType = file; path = "start-rec.m4a"; sourceTree = "<group>"; };
		301F51531F276CFA00B86B10 /* stop-rec-en.m4a */ = {isa = PBXFileReference; lastKnownFileType = file; path = "stop-rec-en.m4a"; sourceTree = "<group>"; };
		301F51541F276CFA00B86B10 /* stop-rec-uk.m4a */ = {isa = PBXFileReference; lastKnownFileType = file; path = "stop-rec-uk.m4a"; sourceTree = "<group>"; };
		301F51551F276CFA00B86B10 /* stop-rec.m4a */ = {isa = PBXFileReference; lastKnownFileType = file; path = "stop-rec.m4a"; sourceTree = "<group>"; };
		301F51651F276EE400B86B10 /* CurrentTrackView.swift */ = {isa = PBXFileReference; fileEncoding = 4; lastKnownFileType = sourcecode.swift; path = CurrentTrackView.swift; sourceTree = "<group>"; };
		301F51661F276EE400B86B10 /* CurrentTrackView.xib */ = {isa = PBXFileReference; fileEncoding = 4; lastKnownFileType = file.xib; path = CurrentTrackView.xib; sourceTree = "<group>"; };
		301F51671F276EE400B86B10 /* GpsStatusView.swift */ = {isa = PBXFileReference; fileEncoding = 4; lastKnownFileType = sourcecode.swift; path = GpsStatusView.swift; sourceTree = "<group>"; };
		301F51681F276EE400B86B10 /* GpsStatusView.xib */ = {isa = PBXFileReference; fileEncoding = 4; lastKnownFileType = file.xib; path = GpsStatusView.xib; sourceTree = "<group>"; };
		301F516E1F276EF100B86B10 /* ArcButton.swift */ = {isa = PBXFileReference; fileEncoding = 4; lastKnownFileType = sourcecode.swift; path = ArcButton.swift; sourceTree = "<group>"; };
		301F516F1F276EF100B86B10 /* BorderButton.swift */ = {isa = PBXFileReference; fileEncoding = 4; lastKnownFileType = sourcecode.swift; path = BorderButton.swift; sourceTree = "<group>"; };
		301F51731F276F6200B86B10 /* PitModel.swift */ = {isa = PBXFileReference; fileEncoding = 4; lastKnownFileType = sourcecode.swift; path = PitModel.swift; sourceTree = "<group>"; };
		301F51741F276F6200B86B10 /* TrackModel.swift */ = {isa = PBXFileReference; fileEncoding = 4; lastKnownFileType = sourcecode.swift; path = TrackModel.swift; sourceTree = "<group>"; };
		301F51771F276FB600B86B10 /* SearchResultModel.swift */ = {isa = PBXFileReference; fileEncoding = 4; lastKnownFileType = sourcecode.swift; path = SearchResultModel.swift; sourceTree = "<group>"; };
		301F517A1F2771F100B86B10 /* TutorialVC.swift */ = {isa = PBXFileReference; fileEncoding = 4; lastKnownFileType = sourcecode.swift; path = TutorialVC.swift; sourceTree = "<group>"; };
		301F517C1F2771F100B86B10 /* TracksVC.swift */ = {isa = PBXFileReference; fileEncoding = 4; lastKnownFileType = sourcecode.swift; path = TracksVC.swift; sourceTree = "<group>"; };
		301F517E1F2771F100B86B10 /* SettingsVC.swift */ = {isa = PBXFileReference; fileEncoding = 4; lastKnownFileType = sourcecode.swift; path = SettingsVC.swift; sourceTree = "<group>"; };
		301F51801F2771F100B86B10 /* RouteBuidVC.swift */ = {isa = PBXFileReference; fileEncoding = 4; lastKnownFileType = sourcecode.swift; path = RouteBuidVC.swift; sourceTree = "<group>"; };
		301F51811F2771F100B86B10 /* RoutesVC.swift */ = {isa = PBXFileReference; fileEncoding = 4; lastKnownFileType = sourcecode.swift; path = RoutesVC.swift; sourceTree = "<group>"; };
		301F51881F2771FC00B86B10 /* RecordTrackVC.swift */ = {isa = PBXFileReference; fileEncoding = 4; lastKnownFileType = sourcecode.swift; path = RecordTrackVC.swift; sourceTree = "<group>"; };
		301F51891F2771FC00B86B10 /* RecordTrackVC.xib */ = {isa = PBXFileReference; fileEncoding = 4; lastKnownFileType = file.xib; path = RecordTrackVC.xib; sourceTree = "<group>"; };
		301F518C1F277F0300B86B10 /* RecordTrackViewModel.swift */ = {isa = PBXFileReference; fileEncoding = 4; lastKnownFileType = sourcecode.swift; path = RecordTrackViewModel.swift; sourceTree = "<group>"; };
		301F518E1F289AB200B86B10 /* TracksFileManager.swift */ = {isa = PBXFileReference; fileEncoding = 4; lastKnownFileType = sourcecode.swift; path = TracksFileManager.swift; sourceTree = "<group>"; };
		301F51901F29DE7C00B86B10 /* SendTracksService.swift */ = {isa = PBXFileReference; fileEncoding = 4; lastKnownFileType = sourcecode.swift; path = SendTracksService.swift; sourceTree = "<group>"; };
		301F51931F29E0E000B86B10 /* NetworkConnectionManager.swift */ = {isa = PBXFileReference; fileEncoding = 4; lastKnownFileType = sourcecode.swift; path = NetworkConnectionManager.swift; sourceTree = "<group>"; };
		30673E954EFA26D128065E89 /* Pods_UARoads_swift.framework */ = {isa = PBXFileReference; explicitFileType = wrapper.framework; includeInIndex = 0; path = Pods_UARoads_swift.framework; sourceTree = BUILT_PRODUCTS_DIR; };
		3D16F49B1FA9B7C200C6436A /* SignInRequest.swift */ = {isa = PBXFileReference; lastKnownFileType = sourcecode.swift; path = SignInRequest.swift; sourceTree = "<group>"; };
		3D16F49C1FA9B7C200C6436A /* StatisticRequest.swift */ = {isa = PBXFileReference; lastKnownFileType = sourcecode.swift; path = StatisticRequest.swift; sourceTree = "<group>"; };
		3D16F49D1FA9B7C200C6436A /* SendRecordTrackRequest.swift */ = {isa = PBXFileReference; lastKnownFileType = sourcecode.swift; path = SendRecordTrackRequest.swift; sourceTree = "<group>"; };
		3D16F49E1FA9B7C200C6436A /* SearchGeoRequest.swift */ = {isa = PBXFileReference; lastKnownFileType = sourcecode.swift; path = SearchGeoRequest.swift; sourceTree = "<group>"; };
		3D16F4A01FA9B7C200C6436A /* BaseRequest.swift */ = {isa = PBXFileReference; lastKnownFileType = sourcecode.swift; path = BaseRequest.swift; sourceTree = "<group>"; };
		3D16F4A21FA9B7C200C6436A /* APIUARoads.swift */ = {isa = PBXFileReference; lastKnownFileType = sourcecode.swift; path = APIUARoads.swift; sourceTree = "<group>"; };
		3D16F4A31FA9B7C200C6436A /* BaseRequestProtocol.swift */ = {isa = PBXFileReference; lastKnownFileType = sourcecode.swift; path = BaseRequestProtocol.swift; sourceTree = "<group>"; };
		3D3F9C8A1FB08B2B005B78DB /* RouteCheckRequest.swift */ = {isa = PBXFileReference; lastKnownFileType = sourcecode.swift; path = RouteCheckRequest.swift; sourceTree = "<group>"; };
		426482CC1F445BD4002077ED /* uk */ = {isa = PBXFileReference; lastKnownFileType = text.plist.strings; name = uk; path = uk.lproj/Localizable.strings; sourceTree = "<group>"; };
		427E76A61F4321470057CA36 /* Base */ = {isa = PBXFileReference; lastKnownFileType = text.plist.strings; name = Base; path = Base.lproj/Localizable.strings; sourceTree = "<group>"; };
		427E76A91F44459D0057CA36 /* ru */ = {isa = PBXFileReference; lastKnownFileType = text.plist.strings; name = ru; path = ru.lproj/Localizable.strings; sourceTree = "<group>"; };
		4CD6EC8F18AF35840D729182 /* Pods-UARoads_swift.debug.xcconfig */ = {isa = PBXFileReference; includeInIndex = 1; lastKnownFileType = text.xcconfig; name = "Pods-UARoads_swift.debug.xcconfig"; path = "Pods/Target Support Files/Pods-UARoads_swift/Pods-UARoads_swift.debug.xcconfig"; sourceTree = "<group>"; };
		8436D3141F98DF1100C4C3C9 /* AlertRenderer.swift */ = {isa = PBXFileReference; lastKnownFileType = sourcecode.swift; path = AlertRenderer.swift; sourceTree = "<group>"; };
		8454F1D71F9E12C800D59ACB /* Storyboard.swift */ = {isa = PBXFileReference; lastKnownFileType = sourcecode.swift; path = Storyboard.swift; sourceTree = "<group>"; };
		8454F1D91F9E137400D59ACB /* RecordTrackVC.storyboard */ = {isa = PBXFileReference; lastKnownFileType = file.storyboard; path = RecordTrackVC.storyboard; sourceTree = "<group>"; };
		F40D92DC1E97768B00647D5E /* UA Roads.app */ = {isa = PBXFileReference; explicitFileType = wrapper.application; includeInIndex = 0; path = "UA Roads.app"; sourceTree = BUILT_PRODUCTS_DIR; };
		F40D92E61E97768B00647D5E /* Assets.xcassets */ = {isa = PBXFileReference; lastKnownFileType = folder.assetcatalog; name = Assets.xcassets; path = ../Assets.xcassets; sourceTree = "<group>"; };
		F40D92E91E97768B00647D5E /* Base */ = {isa = PBXFileReference; lastKnownFileType = file.storyboard; name = Base; path = Base.lproj/LaunchScreen.storyboard; sourceTree = "<group>"; };
		F40D92EB1E97768B00647D5E /* Info.plist */ = {isa = PBXFileReference; lastKnownFileType = text.plist.xml; name = Info.plist; path = ../../Info.plist; sourceTree = "<group>"; };
		F40DBF241EAF6C54002F6C11 /* Base */ = {isa = PBXFileReference; lastKnownFileType = file.storyboard; name = Base; path = Base.lproj/Navigation.storyboard; sourceTree = "<group>"; };
		F40DBF281EAF6C54002F6C11 /* MKMapView+ZoomLevel.h */ = {isa = PBXFileReference; fileEncoding = 4; lastKnownFileType = sourcecode.c.h; path = "MKMapView+ZoomLevel.h"; sourceTree = "<group>"; };
		F40DBF291EAF6C54002F6C11 /* MKMapView+ZoomLevel.m */ = {isa = PBXFileReference; fileEncoding = 4; lastKnownFileType = sourcecode.c.objc; path = "MKMapView+ZoomLevel.m"; sourceTree = "<group>"; };
		F40DBF2A1EAF6C54002F6C11 /* MKPolyline+UARPolylineEncodedString.h */ = {isa = PBXFileReference; fileEncoding = 4; lastKnownFileType = sourcecode.c.h; path = "MKPolyline+UARPolylineEncodedString.h"; sourceTree = "<group>"; };
		F40DBF2B1EAF6C54002F6C11 /* MKPolyline+UARPolylineEncodedString.m */ = {isa = PBXFileReference; fileEncoding = 4; lastKnownFileType = sourcecode.c.objc; path = "MKPolyline+UARPolylineEncodedString.m"; sourceTree = "<group>"; };
		F40DBF2C1EAF6C54002F6C11 /* NSString+UARString.h */ = {isa = PBXFileReference; fileEncoding = 4; lastKnownFileType = sourcecode.c.h; path = "NSString+UARString.h"; sourceTree = "<group>"; };
		F40DBF2D1EAF6C54002F6C11 /* NSString+UARString.m */ = {isa = PBXFileReference; fileEncoding = 4; lastKnownFileType = sourcecode.c.objc; path = "NSString+UARString.m"; sourceTree = "<group>"; };
		F40DBF2E1EAF6C54002F6C11 /* UIColor+UARColor.h */ = {isa = PBXFileReference; fileEncoding = 4; lastKnownFileType = sourcecode.c.h; path = "UIColor+UARColor.h"; sourceTree = "<group>"; };
		F40DBF2F1EAF6C54002F6C11 /* UIColor+UARColor.m */ = {isa = PBXFileReference; fileEncoding = 4; lastKnownFileType = sourcecode.c.objc; path = "UIColor+UARColor.m"; sourceTree = "<group>"; };
		F40DBF311EAF6C54002F6C11 /* UARDefines.h */ = {isa = PBXFileReference; fileEncoding = 4; lastKnownFileType = sourcecode.c.h; path = UARDefines.h; sourceTree = "<group>"; };
		F40DBF321EAF6C54002F6C11 /* UARDefines.m */ = {isa = PBXFileReference; fileEncoding = 4; lastKnownFileType = sourcecode.c.objc; path = UARDefines.m; sourceTree = "<group>"; };
		F40DBF351EAF6C54002F6C11 /* UARInstruction.h */ = {isa = PBXFileReference; fileEncoding = 4; lastKnownFileType = sourcecode.c.h; path = UARInstruction.h; sourceTree = "<group>"; };
		F40DBF361EAF6C54002F6C11 /* UARInstruction.m */ = {isa = PBXFileReference; fileEncoding = 4; lastKnownFileType = sourcecode.c.objc; path = UARInstruction.m; sourceTree = "<group>"; };
		F40DBF381EAF6C54002F6C11 /* UARRoute.h */ = {isa = PBXFileReference; fileEncoding = 4; lastKnownFileType = sourcecode.c.h; path = UARRoute.h; sourceTree = "<group>"; };
		F40DBF391EAF6C54002F6C11 /* UARRoute.m */ = {isa = PBXFileReference; fileEncoding = 4; lastKnownFileType = sourcecode.c.objc; path = UARRoute.m; sourceTree = "<group>"; };
		F40DBF3B1EAF6C54002F6C11 /* UARMapDataProvider.h */ = {isa = PBXFileReference; fileEncoding = 4; lastKnownFileType = sourcecode.c.h; path = UARMapDataProvider.h; sourceTree = "<group>"; };
		F40DBF3C1EAF6C54002F6C11 /* UARMapDataProvider.m */ = {isa = PBXFileReference; fileEncoding = 4; lastKnownFileType = sourcecode.c.objc; path = UARMapDataProvider.m; sourceTree = "<group>"; };
		F40DBF3E1EAF6C54002F6C11 /* UARRoadController.h */ = {isa = PBXFileReference; fileEncoding = 4; lastKnownFileType = sourcecode.c.h; path = UARRoadController.h; sourceTree = "<group>"; };
		F40DBF3F1EAF6C54002F6C11 /* UARRoadController.m */ = {isa = PBXFileReference; fileEncoding = 4; lastKnownFileType = sourcecode.c.objc; path = UARRoadController.m; sourceTree = "<group>"; };
		F40DBF411EAF6C54002F6C11 /* UARRouteJSONParser.h */ = {isa = PBXFileReference; fileEncoding = 4; lastKnownFileType = sourcecode.c.h; path = UARRouteJSONParser.h; sourceTree = "<group>"; };
		F40DBF421EAF6C54002F6C11 /* UARRouteJSONParser.m */ = {isa = PBXFileReference; fileEncoding = 4; lastKnownFileType = sourcecode.c.objc; path = UARRouteJSONParser.m; sourceTree = "<group>"; };
		F40DBF451EAF6C54002F6C11 /* UARCircleButton.h */ = {isa = PBXFileReference; fileEncoding = 4; lastKnownFileType = sourcecode.c.h; path = UARCircleButton.h; sourceTree = "<group>"; };
		F40DBF461EAF6C54002F6C11 /* UARCircleButton.m */ = {isa = PBXFileReference; fileEncoding = 4; lastKnownFileType = sourcecode.c.objc; path = UARCircleButton.m; sourceTree = "<group>"; };
		F40DBF471EAF6C54002F6C11 /* Graphics.xcassets */ = {isa = PBXFileReference; lastKnownFileType = folder.assetcatalog; path = Graphics.xcassets; sourceTree = "<group>"; };
		F40DBF491EAF6C54002F6C11 /* Signs.xcassets */ = {isa = PBXFileReference; lastKnownFileType = folder.assetcatalog; path = Signs.xcassets; sourceTree = "<group>"; };
		FDC58852CDCE387B891356DF /* Pods-UARoads_swift.release.xcconfig */ = {isa = PBXFileReference; includeInIndex = 1; lastKnownFileType = text.xcconfig; name = "Pods-UARoads_swift.release.xcconfig"; path = "Pods/Target Support Files/Pods-UARoads_swift/Pods-UARoads_swift.release.xcconfig"; sourceTree = "<group>"; };
/* End PBXFileReference section */

/* Begin PBXFrameworksBuildPhase section */
		F40D92D91E97768B00647D5E /* Frameworks */ = {
			isa = PBXFrameworksBuildPhase;
			buildActionMask = 2147483647;
			files = (
				48075CA4CBED26BAB3AF33AF /* Pods_UARoads_swift.framework in Frameworks */,
			);
			runOnlyForDeploymentPostprocessing = 0;
		};
/* End PBXFrameworksBuildPhase section */

/* Begin PBXGroup section */
		301F50AC1F276BBC00B86B10 /* Classes */ = {
			isa = PBXGroup;
			children = (
				301F50AD1F276BBC00B86B10 /* AppDelegate.swift */,
				301F50AE1F276BBC00B86B10 /* Closures.swift */,
				301F50AF1F276BBC00B86B10 /* Constants.swift */,
				301F50E21F276BBC00B86B10 /* UARoads_swift-Bridging-Header.h */,
				301F50CA1F276BBC00B86B10 /* Helpers */,
				301F50C31F276BBC00B86B10 /* Externals */,
				301F50DF1F276BBC00B86B10 /* Protocols */,
				301F50BD1F276BBC00B86B10 /* Extensions */,
				3D16F4AA1FA9B9F000C6436A /* Services */,
				301F50CD1F276BBC00B86B10 /* Models */,
				301F51281F276BE900B86B10 /* Views */,
				301F50B01F276BBC00B86B10 /* Controllers */,
			);
			path = Classes;
			sourceTree = "<group>";
		};
		301F50B01F276BBC00B86B10 /* Controllers */ = {
			isa = PBXGroup;
			children = (
				301F50B41F276BBC00B86B10 /* Root */,
				301F51791F2771F100B86B10 /* Tutorial */,
				301F517F1F2771F100B86B10 /* Routes */,
				301F51871F2771FC00B86B10 /* RecordTrack */,
				301F517B1F2771F100B86B10 /* Tracks */,
				301F517D1F2771F100B86B10 /* Settings */,
			);
			path = Controllers;
			sourceTree = "<group>";
		};
		301F50B41F276BBC00B86B10 /* Root */ = {
			isa = PBXGroup;
			children = (
				301F50B51F276BBC00B86B10 /* BaseTVC.swift */,
				301F50B61F276BBC00B86B10 /* BaseVC.swift */,
				301F50B71F276BBC00B86B10 /* TabBarVC.swift */,
			);
			path = Root;
			sourceTree = "<group>";
		};
		301F50BD1F276BBC00B86B10 /* Extensions */ = {
			isa = PBXGroup;
			children = (
				301F50BE1F276BBC00B86B10 /* CGFloat.swift */,
				301F50BF1F276BBC00B86B10 /* CLLocation.swift */,
				301F50C01F276BBC00B86B10 /* Color.swift */,
				301F50C11F276BBC00B86B10 /* GFunctions.swift */,
				301F50C21F276BBC00B86B10 /* String.swift */,
			);
			path = Extensions;
			sourceTree = "<group>";
		};
		301F50C31F276BBC00B86B10 /* Externals */ = {
			isa = PBXGroup;
			children = (
				301F50C41F276BBC00B86B10 /* GZip */,
				301F50C71F276BBC00B86B10 /* MD5 */,
			);
			path = Externals;
			sourceTree = "<group>";
		};
		301F50C41F276BBC00B86B10 /* GZip */ = {
			isa = PBXGroup;
			children = (
				301F50C51F276BBC00B86B10 /* GZIP.h */,
				301F50C61F276BBC00B86B10 /* GZIP.m */,
			);
			path = GZip;
			sourceTree = "<group>";
		};
		301F50C71F276BBC00B86B10 /* MD5 */ = {
			isa = PBXGroup;
			children = (
				301F50C81F276BBC00B86B10 /* NSString+MD5.h */,
				301F50C91F276BBC00B86B10 /* NSString+MD5.m */,
			);
			path = MD5;
			sourceTree = "<group>";
		};
		301F50CA1F276BBC00B86B10 /* Helpers */ = {
			isa = PBXGroup;
			children = (
				301F50CB1F276BBC00B86B10 /* PrintExtensions.swift */,
				8436D3141F98DF1100C4C3C9 /* AlertRenderer.swift */,
				301F50CC1F276BBC00B86B10 /* Utilities.swift */,
				8454F1D71F9E12C800D59ACB /* Storyboard.swift */,
			);
			path = Helpers;
			sourceTree = "<group>";
		};
		301F50CD1F276BBC00B86B10 /* Models */ = {
			isa = PBXGroup;
			children = (
				301F50CE1F276BBC00B86B10 /* Managers */,
				301F50DA1F276BBC00B86B10 /* Networking */,
				301F51721F276F6200B86B10 /* RlmObjects */,
			);
			path = Models;
			sourceTree = "<group>";
		};
		301F50CE1F276BBC00B86B10 /* Managers */ = {
			isa = PBXGroup;
			children = (
				301F50D71F276BBC00B86B10 /* RecordService.swift */,
				301F50D41F276BBC00B86B10 /* LocationManager.swift */,
				301F50D51F276BBC00B86B10 /* MotionManager.swift */,
				301F50CF1F276BBC00B86B10 /* AlertManager.swift */,
				301F50D01F276BBC00B86B10 /* AnalyticManager.swift */,
				301F50D11F276BBC00B86B10 /* AutostartManager.swift */,
				301F50D21F276BBC00B86B10 /* DateManager.swift */,
				301F50D31F276BBC00B86B10 /* HUDManaged.swift */,
				301F50D61F276BBC00B86B10 /* RealmManager.swift */,
				301F50D81F276BBC00B86B10 /* SettingsManager.swift */,
				301F518E1F289AB200B86B10 /* TracksFileManager.swift */,
				301F51901F29DE7C00B86B10 /* SendTracksService.swift */,
			);
			path = Managers;
			sourceTree = "<group>";
		};
		301F50DA1F276BBC00B86B10 /* Networking */ = {
			isa = PBXGroup;
			children = (
				301F50DB1F276BBC00B86B10 /* NetworkManager.swift */,
				301F51771F276FB600B86B10 /* SearchResultModel.swift */,
				301F51931F29E0E000B86B10 /* NetworkConnectionManager.swift */,
			);
			path = Networking;
			sourceTree = "<group>";
		};
		301F50DF1F276BBC00B86B10 /* Protocols */ = {
			isa = PBXGroup;
			children = (
				301F50E01F276BBC00B86B10 /* MainVCProtocol.swift */,
				301F50E11F276BBC00B86B10 /* PitProtocol.swift */,
			);
			path = Protocols;
			sourceTree = "<group>";
		};
		301F51281F276BE900B86B10 /* Views */ = {
			isa = PBXGroup;
			children = (
				301F51331F276BE900B86B10 /* TableViewCells */,
				301F512D1F276BE900B86B10 /* Footers */,
				301F516D1F276EF100B86B10 /* CustomButtons */,
				301F51641F276EE400B86B10 /* XibViews */,
				301F51321F276BE900B86B10 /* GraphView.swift */,
			);
			path = Views;
			sourceTree = "<group>";
		};
		301F512D1F276BE900B86B10 /* Footers */ = {
			isa = PBXGroup;
			children = (
				301F512E1F276BE900B86B10 /* FooterSignIn.swift */,
				301F512F1F276BE900B86B10 /* FooterText.swift */,
			);
			path = Footers;
			sourceTree = "<group>";
		};
		301F51331F276BE900B86B10 /* TableViewCells */ = {
			isa = PBXGroup;
			children = (
				301F51341F276BE900B86B10 /* BaseCell.swift */,
				301F51351F276BE900B86B10 /* RecordedCell.swift */,
				301F51361F276BE900B86B10 /* SettingsSwitchCell.swift */,
				301F51371F276BE900B86B10 /* SettingsTFCell.swift */,
			);
			path = TableViewCells;
			sourceTree = "<group>";
		};
		301F51451F276CFA00B86B10 /* Resorces */ = {
			isa = PBXGroup;
			children = (
				F40D92E61E97768B00647D5E /* Assets.xcassets */,
				301F51461F276CFA00B86B10 /* Plists */,
				301F51481F276CFA00B86B10 /* Sounds */,
				F40D92E81E97768B00647D5E /* LaunchScreen.storyboard */,
				427E76A51F4321440057CA36 /* Localizable.strings */,
			);
			path = Resorces;
			sourceTree = "<group>";
		};
		301F51461F276CFA00B86B10 /* Plists */ = {
			isa = PBXGroup;
			children = (
				F40D92EB1E97768B00647D5E /* Info.plist */,
				301F51471F276CFA00B86B10 /* GoogleService-Info.plist */,
			);
			path = Plists;
			sourceTree = "<group>";
		};
		301F51481F276CFA00B86B10 /* Sounds */ = {
			isa = PBXGroup;
			children = (
				301F51491F276CFA00B86B10 /* error.m4a */,
				301F514A1F276CFA00B86B10 /* pit-0.m4a */,
				301F514B1F276CFA00B86B10 /* pit-1.aiff */,
				301F514C1F276CFA00B86B10 /* pit-2.aiff */,
				301F514D1F276CFA00B86B10 /* pit-3.aiff */,
				301F514E1F276CFA00B86B10 /* pit-4.aiff */,
				301F514F1F276CFA00B86B10 /* pit-5.aiff */,
				301F51501F276CFA00B86B10 /* start-rec-en.m4a */,
				301F51511F276CFA00B86B10 /* start-rec-uk.m4a */,
				301F51521F276CFA00B86B10 /* start-rec.m4a */,
				301F51531F276CFA00B86B10 /* stop-rec-en.m4a */,
				301F51541F276CFA00B86B10 /* stop-rec-uk.m4a */,
				301F51551F276CFA00B86B10 /* stop-rec.m4a */,
			);
			path = Sounds;
			sourceTree = "<group>";
		};
		301F51641F276EE400B86B10 /* XibViews */ = {
			isa = PBXGroup;
			children = (
				301F51651F276EE400B86B10 /* CurrentTrackView.swift */,
				301F51661F276EE400B86B10 /* CurrentTrackView.xib */,
				301F51671F276EE400B86B10 /* GpsStatusView.swift */,
				301F51681F276EE400B86B10 /* GpsStatusView.xib */,
			);
			path = XibViews;
			sourceTree = "<group>";
		};
		301F516D1F276EF100B86B10 /* CustomButtons */ = {
			isa = PBXGroup;
			children = (
				301F516E1F276EF100B86B10 /* ArcButton.swift */,
				301F516F1F276EF100B86B10 /* BorderButton.swift */,
			);
			path = CustomButtons;
			sourceTree = "<group>";
		};
		301F51721F276F6200B86B10 /* RlmObjects */ = {
			isa = PBXGroup;
			children = (
				301F51731F276F6200B86B10 /* PitModel.swift */,
				301F51741F276F6200B86B10 /* TrackModel.swift */,
			);
			path = RlmObjects;
			sourceTree = "<group>";
		};
		301F51791F2771F100B86B10 /* Tutorial */ = {
			isa = PBXGroup;
			children = (
				301F517A1F2771F100B86B10 /* TutorialVC.swift */,
			);
			path = Tutorial;
			sourceTree = "<group>";
		};
		301F517B1F2771F100B86B10 /* Tracks */ = {
			isa = PBXGroup;
			children = (
				301F517C1F2771F100B86B10 /* TracksVC.swift */,
			);
			path = Tracks;
			sourceTree = "<group>";
		};
		301F517D1F2771F100B86B10 /* Settings */ = {
			isa = PBXGroup;
			children = (
				301F517E1F2771F100B86B10 /* SettingsVC.swift */,
				301F22F51F2F4807003A2DC7 /* SettingsViewModel.swift */,
			);
			path = Settings;
			sourceTree = "<group>";
		};
		301F517F1F2771F100B86B10 /* Routes */ = {
			isa = PBXGroup;
			children = (
				301F51801F2771F100B86B10 /* RouteBuidVC.swift */,
				301F51811F2771F100B86B10 /* RoutesVC.swift */,
			);
			path = Routes;
			sourceTree = "<group>";
		};
		301F51871F2771FC00B86B10 /* RecordTrack */ = {
			isa = PBXGroup;
			children = (
				301F51881F2771FC00B86B10 /* RecordTrackVC.swift */,
				8454F1D91F9E137400D59ACB /* RecordTrackVC.storyboard */,
				301F51891F2771FC00B86B10 /* RecordTrackVC.xib */,
				301F518C1F277F0300B86B10 /* RecordTrackViewModel.swift */,
			);
			path = RecordTrack;
			sourceTree = "<group>";
		};
		3D16F4981FA9B7C200C6436A /* Network */ = {
			isa = PBXGroup;
			children = (
				3D16F4991FA9B7C200C6436A /* UaRoads */,
				3D16F4A31FA9B7C200C6436A /* BaseRequestProtocol.swift */,
			);
			path = Network;
			sourceTree = "<group>";
		};
		3D16F4991FA9B7C200C6436A /* UaRoads */ = {
			isa = PBXGroup;
			children = (
				3D16F49A1FA9B7C200C6436A /* Requests */,
				3D16F4A11FA9B7C200C6436A /* ApiServices */,
			);
			path = UaRoads;
			sourceTree = "<group>";
		};
		3D16F49A1FA9B7C200C6436A /* Requests */ = {
			isa = PBXGroup;
			children = (
				3D16F49B1FA9B7C200C6436A /* SignInRequest.swift */,
				3D16F49C1FA9B7C200C6436A /* StatisticRequest.swift */,
				3D16F49D1FA9B7C200C6436A /* SendRecordTrackRequest.swift */,
				3D3F9C8A1FB08B2B005B78DB /* RouteCheckRequest.swift */,
				3D16F49E1FA9B7C200C6436A /* SearchGeoRequest.swift */,
				3D16F49F1FA9B7C200C6436A /* Base */,
			);
			path = Requests;
			sourceTree = "<group>";
		};
		3D16F49F1FA9B7C200C6436A /* Base */ = {
			isa = PBXGroup;
			children = (
				3D16F4A01FA9B7C200C6436A /* BaseRequest.swift */,
			);
			path = Base;
			sourceTree = "<group>";
		};
		3D16F4A11FA9B7C200C6436A /* ApiServices */ = {
			isa = PBXGroup;
			children = (
				3D16F4A21FA9B7C200C6436A /* APIUARoads.swift */,
			);
			path = ApiServices;
			sourceTree = "<group>";
		};
		3D16F4AA1FA9B9F000C6436A /* Services */ = {
			isa = PBXGroup;
			children = (
				3D16F4981FA9B7C200C6436A /* Network */,
			);
			path = Services;
			sourceTree = "<group>";
		};
		42D986232EBAE9E22E7F020E /* Frameworks */ = {
			isa = PBXGroup;
			children = (
				30673E954EFA26D128065E89 /* Pods_UARoads_swift.framework */,
			);
			name = Frameworks;
			sourceTree = "<group>";
		};
		45FD89D2077CF18946219311 /* Pods */ = {
			isa = PBXGroup;
			children = (
				4CD6EC8F18AF35840D729182 /* Pods-UARoads_swift.debug.xcconfig */,
				FDC58852CDCE387B891356DF /* Pods-UARoads_swift.release.xcconfig */,
			);
			name = Pods;
			sourceTree = "<group>";
		};
		F40D92D31E97768B00647D5E = {
			isa = PBXGroup;
			children = (
				F40D92DE1E97768B00647D5E /* UARoads_swift */,
				F40D92DD1E97768B00647D5E /* Products */,
				45FD89D2077CF18946219311 /* Pods */,
				42D986232EBAE9E22E7F020E /* Frameworks */,
			);
			sourceTree = "<group>";
		};
		F40D92DD1E97768B00647D5E /* Products */ = {
			isa = PBXGroup;
			children = (
				F40D92DC1E97768B00647D5E /* UA Roads.app */,
			);
			name = Products;
			sourceTree = "<group>";
		};
		F40D92DE1E97768B00647D5E /* UARoads_swift */ = {
			isa = PBXGroup;
			children = (
				301F50AC1F276BBC00B86B10 /* Classes */,
				301F51451F276CFA00B86B10 /* Resorces */,
				F40DBF211EAF6C54002F6C11 /* uaroads_nav */,
			);
			path = UARoads_swift;
			sourceTree = "<group>";
		};
		F40DBF211EAF6C54002F6C11 /* uaroads_nav */ = {
			isa = PBXGroup;
			children = (
				F40DBF221EAF6C54002F6C11 /* uaroads */,
			);
			path = uaroads_nav;
			sourceTree = "<group>";
		};
		F40DBF221EAF6C54002F6C11 /* uaroads */ = {
			isa = PBXGroup;
			children = (
				F40DBF231EAF6C54002F6C11 /* Navigation.storyboard */,
				F40DBF251EAF6C54002F6C11 /* Code */,
				F40DBF471EAF6C54002F6C11 /* Graphics.xcassets */,
				F40DBF491EAF6C54002F6C11 /* Signs.xcassets */,
			);
			path = uaroads;
			sourceTree = "<group>";
		};
		F40DBF251EAF6C54002F6C11 /* Code */ = {
			isa = PBXGroup;
			children = (
				F40DBF261EAF6C54002F6C11 /* Cathegories */,
				F40DBF301EAF6C54002F6C11 /* Defines */,
				F40DBF331EAF6C54002F6C11 /* Models */,
				F40DBF3A1EAF6C54002F6C11 /* UARMapDataProvider */,
				F40DBF3D1EAF6C54002F6C11 /* UARRoadController */,
				F40DBF401EAF6C54002F6C11 /* UARRouteJSONParser */,
				F40DBF431EAF6C54002F6C11 /* Views */,
			);
			path = Code;
			sourceTree = "<group>";
		};
		F40DBF261EAF6C54002F6C11 /* Cathegories */ = {
			isa = PBXGroup;
			children = (
				F40DBF271EAF6C54002F6C11 /* MKMapView-ZoomLevel */,
				F40DBF2A1EAF6C54002F6C11 /* MKPolyline+UARPolylineEncodedString.h */,
				F40DBF2B1EAF6C54002F6C11 /* MKPolyline+UARPolylineEncodedString.m */,
				F40DBF2C1EAF6C54002F6C11 /* NSString+UARString.h */,
				F40DBF2D1EAF6C54002F6C11 /* NSString+UARString.m */,
				F40DBF2E1EAF6C54002F6C11 /* UIColor+UARColor.h */,
				F40DBF2F1EAF6C54002F6C11 /* UIColor+UARColor.m */,
			);
			path = Cathegories;
			sourceTree = "<group>";
		};
		F40DBF271EAF6C54002F6C11 /* MKMapView-ZoomLevel */ = {
			isa = PBXGroup;
			children = (
				F40DBF281EAF6C54002F6C11 /* MKMapView+ZoomLevel.h */,
				F40DBF291EAF6C54002F6C11 /* MKMapView+ZoomLevel.m */,
			);
			path = "MKMapView-ZoomLevel";
			sourceTree = "<group>";
		};
		F40DBF301EAF6C54002F6C11 /* Defines */ = {
			isa = PBXGroup;
			children = (
				F40DBF311EAF6C54002F6C11 /* UARDefines.h */,
				F40DBF321EAF6C54002F6C11 /* UARDefines.m */,
			);
			path = Defines;
			sourceTree = "<group>";
		};
		F40DBF331EAF6C54002F6C11 /* Models */ = {
			isa = PBXGroup;
			children = (
				F40DBF341EAF6C54002F6C11 /* UARInstruction */,
				F40DBF371EAF6C54002F6C11 /* UARRoute */,
			);
			path = Models;
			sourceTree = "<group>";
		};
		F40DBF341EAF6C54002F6C11 /* UARInstruction */ = {
			isa = PBXGroup;
			children = (
				F40DBF351EAF6C54002F6C11 /* UARInstruction.h */,
				F40DBF361EAF6C54002F6C11 /* UARInstruction.m */,
			);
			path = UARInstruction;
			sourceTree = "<group>";
		};
		F40DBF371EAF6C54002F6C11 /* UARRoute */ = {
			isa = PBXGroup;
			children = (
				F40DBF381EAF6C54002F6C11 /* UARRoute.h */,
				F40DBF391EAF6C54002F6C11 /* UARRoute.m */,
			);
			path = UARRoute;
			sourceTree = "<group>";
		};
		F40DBF3A1EAF6C54002F6C11 /* UARMapDataProvider */ = {
			isa = PBXGroup;
			children = (
				F40DBF3B1EAF6C54002F6C11 /* UARMapDataProvider.h */,
				F40DBF3C1EAF6C54002F6C11 /* UARMapDataProvider.m */,
			);
			path = UARMapDataProvider;
			sourceTree = "<group>";
		};
		F40DBF3D1EAF6C54002F6C11 /* UARRoadController */ = {
			isa = PBXGroup;
			children = (
				F40DBF3E1EAF6C54002F6C11 /* UARRoadController.h */,
				F40DBF3F1EAF6C54002F6C11 /* UARRoadController.m */,
			);
			path = UARRoadController;
			sourceTree = "<group>";
		};
		F40DBF401EAF6C54002F6C11 /* UARRouteJSONParser */ = {
			isa = PBXGroup;
			children = (
				F40DBF411EAF6C54002F6C11 /* UARRouteJSONParser.h */,
				F40DBF421EAF6C54002F6C11 /* UARRouteJSONParser.m */,
			);
			path = UARRouteJSONParser;
			sourceTree = "<group>";
		};
		F40DBF431EAF6C54002F6C11 /* Views */ = {
			isa = PBXGroup;
			children = (
				F40DBF441EAF6C54002F6C11 /* UARCircleButton */,
			);
			path = Views;
			sourceTree = "<group>";
		};
		F40DBF441EAF6C54002F6C11 /* UARCircleButton */ = {
			isa = PBXGroup;
			children = (
				F40DBF451EAF6C54002F6C11 /* UARCircleButton.h */,
				F40DBF461EAF6C54002F6C11 /* UARCircleButton.m */,
			);
			path = UARCircleButton;
			sourceTree = "<group>";
		};
/* End PBXGroup section */

/* Begin PBXNativeTarget section */
		F40D92DB1E97768B00647D5E /* UARoads_swift */ = {
			isa = PBXNativeTarget;
			buildConfigurationList = F40D92EE1E97768B00647D5E /* Build configuration list for PBXNativeTarget "UARoads_swift" */;
			buildPhases = (
				EAC6F73C418CC5A94D0B3B1D /* [CP] Check Pods Manifest.lock */,
				F40D92D81E97768B00647D5E /* Sources */,
				F40D92D91E97768B00647D5E /* Frameworks */,
				F40D92DA1E97768B00647D5E /* Resources */,
				AE83F917CB5E2AC416B6383B /* [CP] Embed Pods Frameworks */,
				09792A97201CE18B522BD7EA /* [CP] Copy Pods Resources */,
				F418248F1EA8A0A30075872C /* ShellScript */,
			);
			buildRules = (
			);
			dependencies = (
			);
			name = UARoads_swift;
			productName = UARoads_swift;
			productReference = F40D92DC1E97768B00647D5E /* UA Roads.app */;
			productType = "com.apple.product-type.application";
		};
/* End PBXNativeTarget section */

/* Begin PBXProject section */
		F40D92D41E97768B00647D5E /* Project object */ = {
			isa = PBXProject;
			attributes = {
				LastSwiftUpdateCheck = 0830;
				LastUpgradeCheck = 0830;
				ORGANIZATIONNAME = "Victor Amelin";
				TargetAttributes = {
					F40D92DB1E97768B00647D5E = {
						CreatedOnToolsVersion = 8.3;
						DevelopmentTeam = B53N648P93;
						LastSwiftMigration = 0830;
						ProvisioningStyle = Manual;
						SystemCapabilities = {
							com.apple.BackgroundModes = {
								enabled = 1;
							};
						};
					};
				};
			};
			buildConfigurationList = F40D92D71E97768B00647D5E /* Build configuration list for PBXProject "UARoads_swift" */;
			compatibilityVersion = "Xcode 3.2";
			developmentRegion = English;
			hasScannedForEncodings = 0;
			knownRegions = (
				en,
				Base,
				ru,
				uk,
			);
			mainGroup = F40D92D31E97768B00647D5E;
			productRefGroup = F40D92DD1E97768B00647D5E /* Products */;
			projectDirPath = "";
			projectRoot = "";
			targets = (
				F40D92DB1E97768B00647D5E /* UARoads_swift */,
			);
		};
/* End PBXProject section */

/* Begin PBXResourcesBuildPhase section */
		F40D92DA1E97768B00647D5E /* Resources */ = {
			isa = PBXResourcesBuildPhase;
			buildActionMask = 2147483647;
			files = (
				F40D92EA1E97768B00647D5E /* LaunchScreen.storyboard in Resources */,
				F40D92E71E97768B00647D5E /* Assets.xcassets in Resources */,
				427E76A31F4321440057CA36 /* Localizable.strings in Resources */,
				301F51621F276CFA00B86B10 /* stop-rec-uk.m4a in Resources */,
				301F51561F276CFA00B86B10 /* GoogleService-Info.plist in Resources */,
				301F516A1F276EE400B86B10 /* CurrentTrackView.xib in Resources */,
				F40DBF4A1EAF6C54002F6C11 /* Navigation.storyboard in Resources */,
				301F51631F276CFA00B86B10 /* stop-rec.m4a in Resources */,
				301F515B1F276CFA00B86B10 /* pit-3.aiff in Resources */,
				F40DBF581EAF6C54002F6C11 /* Signs.xcassets in Resources */,
				301F515C1F276CFA00B86B10 /* pit-4.aiff in Resources */,
				301F51581F276CFA00B86B10 /* pit-0.m4a in Resources */,
				301F515A1F276CFA00B86B10 /* pit-2.aiff in Resources */,
				301F515F1F276CFA00B86B10 /* start-rec-uk.m4a in Resources */,
				301F51591F276CFA00B86B10 /* pit-1.aiff in Resources */,
				301F516C1F276EE400B86B10 /* GpsStatusView.xib in Resources */,
				301F518B1F2771FC00B86B10 /* RecordTrackVC.xib in Resources */,
				301F515D1F276CFA00B86B10 /* pit-5.aiff in Resources */,
				F40DBF561EAF6C54002F6C11 /* Graphics.xcassets in Resources */,
				301F51611F276CFA00B86B10 /* stop-rec-en.m4a in Resources */,
				8454F1DA1F9E137400D59ACB /* RecordTrackVC.storyboard in Resources */,
				301F51571F276CFA00B86B10 /* error.m4a in Resources */,
				301F51601F276CFA00B86B10 /* start-rec.m4a in Resources */,
				301F515E1F276CFA00B86B10 /* start-rec-en.m4a in Resources */,
			);
			runOnlyForDeploymentPostprocessing = 0;
		};
/* End PBXResourcesBuildPhase section */

/* Begin PBXShellScriptBuildPhase section */
		09792A97201CE18B522BD7EA /* [CP] Copy Pods Resources */ = {
			isa = PBXShellScriptBuildPhase;
			buildActionMask = 2147483647;
			files = (
			);
			inputPaths = (
			);
			name = "[CP] Copy Pods Resources";
			outputPaths = (
			);
			runOnlyForDeploymentPostprocessing = 0;
			shellPath = /bin/sh;
			shellScript = "\"${SRCROOT}/Pods/Target Support Files/Pods-UARoads_swift/Pods-UARoads_swift-resources.sh\"\n";
			showEnvVarsInLog = 0;
		};
		AE83F917CB5E2AC416B6383B /* [CP] Embed Pods Frameworks */ = {
			isa = PBXShellScriptBuildPhase;
			buildActionMask = 2147483647;
			files = (
			);
			inputPaths = (
				"${SRCROOT}/Pods/Target Support Files/Pods-UARoads_swift/Pods-UARoads_swift-frameworks.sh",
				"${BUILT_PRODUCTS_DIR}/DZNEmptyDataSet/DZNEmptyDataSet.framework",
				"${BUILT_PRODUCTS_DIR}/GoogleToolboxForMac/GoogleToolboxForMac.framework",
				"${BUILT_PRODUCTS_DIR}/JGProgressHUD/JGProgressHUD.framework",
				"${BUILT_PRODUCTS_DIR}/ReachabilitySwift/ReachabilitySwift.framework",
				"${BUILT_PRODUCTS_DIR}/Realm/Realm.framework",
				"${BUILT_PRODUCTS_DIR}/RealmSwift/RealmSwift.framework",
				"${BUILT_PRODUCTS_DIR}/RxCocoa/RxCocoa.framework",
				"${BUILT_PRODUCTS_DIR}/RxKeyboard/RxKeyboard.framework",
				"${BUILT_PRODUCTS_DIR}/RxSwift/RxSwift.framework",
				"${BUILT_PRODUCTS_DIR}/SnapKit/SnapKit.framework",
				"${BUILT_PRODUCTS_DIR}/StfalconSwiftExtensions/StfalconSwiftExtensions.framework",
				"${BUILT_PRODUCTS_DIR}/SwiftyJSON/SwiftyJSON.framework",
				"${BUILT_PRODUCTS_DIR}/TSValidatedTextField/TSValidatedTextField.framework",
				"${BUILT_PRODUCTS_DIR}/UIViewController+ODStatusBar/UIViewController_ODStatusBar.framework",
			);
			name = "[CP] Embed Pods Frameworks";
			outputPaths = (
				"${TARGET_BUILD_DIR}/${FRAMEWORKS_FOLDER_PATH}/DZNEmptyDataSet.framework",
				"${TARGET_BUILD_DIR}/${FRAMEWORKS_FOLDER_PATH}/GoogleToolboxForMac.framework",
				"${TARGET_BUILD_DIR}/${FRAMEWORKS_FOLDER_PATH}/JGProgressHUD.framework",
				"${TARGET_BUILD_DIR}/${FRAMEWORKS_FOLDER_PATH}/ReachabilitySwift.framework",
				"${TARGET_BUILD_DIR}/${FRAMEWORKS_FOLDER_PATH}/Realm.framework",
				"${TARGET_BUILD_DIR}/${FRAMEWORKS_FOLDER_PATH}/RealmSwift.framework",
				"${TARGET_BUILD_DIR}/${FRAMEWORKS_FOLDER_PATH}/RxCocoa.framework",
				"${TARGET_BUILD_DIR}/${FRAMEWORKS_FOLDER_PATH}/RxKeyboard.framework",
				"${TARGET_BUILD_DIR}/${FRAMEWORKS_FOLDER_PATH}/RxSwift.framework",
				"${TARGET_BUILD_DIR}/${FRAMEWORKS_FOLDER_PATH}/SnapKit.framework",
				"${TARGET_BUILD_DIR}/${FRAMEWORKS_FOLDER_PATH}/StfalconSwiftExtensions.framework",
				"${TARGET_BUILD_DIR}/${FRAMEWORKS_FOLDER_PATH}/SwiftyJSON.framework",
				"${TARGET_BUILD_DIR}/${FRAMEWORKS_FOLDER_PATH}/TSValidatedTextField.framework",
				"${TARGET_BUILD_DIR}/${FRAMEWORKS_FOLDER_PATH}/UIViewController_ODStatusBar.framework",
			);
			runOnlyForDeploymentPostprocessing = 0;
			shellPath = /bin/sh;
			shellScript = "\"${SRCROOT}/Pods/Target Support Files/Pods-UARoads_swift/Pods-UARoads_swift-frameworks.sh\"\n";
			showEnvVarsInLog = 0;
		};
		EAC6F73C418CC5A94D0B3B1D /* [CP] Check Pods Manifest.lock */ = {
			isa = PBXShellScriptBuildPhase;
			buildActionMask = 2147483647;
			files = (
			);
			inputPaths = (
				"${PODS_PODFILE_DIR_PATH}/Podfile.lock",
				"${PODS_ROOT}/Manifest.lock",
			);
			name = "[CP] Check Pods Manifest.lock";
			outputPaths = (
				"$(DERIVED_FILE_DIR)/Pods-UARoads_swift-checkManifestLockResult.txt",
			);
			runOnlyForDeploymentPostprocessing = 0;
			shellPath = /bin/sh;
			shellScript = "diff \"${PODS_ROOT}/../Podfile.lock\" \"${PODS_ROOT}/Manifest.lock\" > /dev/null\nif [ $? != 0 ] ; then\n    # print error to STDERR\n    echo \"error: The sandbox is not in sync with the Podfile.lock. Run 'pod install' or update your CocoaPods installation.\" >&2\n    exit 1\nfi\n";
			showEnvVarsInLog = 0;
		};
		F418248F1EA8A0A30075872C /* ShellScript */ = {
			isa = PBXShellScriptBuildPhase;
			buildActionMask = 2147483647;
			files = (
			);
			inputPaths = (
			);
			outputPaths = (
			);
			runOnlyForDeploymentPostprocessing = 0;
			shellPath = /bin/sh;
			shellScript = "\"${PODS_ROOT}/Fabric/run\" b7ba58a3e64c5ff0d9fbc4faebb86c28b1bc40b9 0850a80e9c8d0f2bc357260b8b8c799b27dc7885123bce99ef22e59c196ea124";
		};
/* End PBXShellScriptBuildPhase section */

/* Begin PBXSourcesBuildPhase section */
		F40D92D81E97768B00647D5E /* Sources */ = {
			isa = PBXSourcesBuildPhase;
			buildActionMask = 2147483647;
			files = (
				3D16F4A51FA9B7CC00C6436A /* APIUARoads.swift in Sources */,
				301F51131F276BBC00B86B10 /* SettingsManager.swift in Sources */,
				301F511A1F276BBC00B86B10 /* PitProtocol.swift in Sources */,
				301F51051F276BBC00B86B10 /* String.swift in Sources */,
				301F51011F276BBC00B86B10 /* CGFloat.swift in Sources */,
				301F51021F276BBC00B86B10 /* CLLocation.swift in Sources */,
				301F51861F2771F100B86B10 /* RoutesVC.swift in Sources */,
				301F513D1F276BE900B86B10 /* FooterText.swift in Sources */,
				301F50F31F276BBC00B86B10 /* AppDelegate.swift in Sources */,
				301F50F91F276BBC00B86B10 /* BaseTVC.swift in Sources */,
				301F516B1F276EE400B86B10 /* GpsStatusView.swift in Sources */,
				301F51911F29DE7C00B86B10 /* SendTracksService.swift in Sources */,
				F40DBF511EAF6C54002F6C11 /* UARRoute.m in Sources */,
				301F51761F276F6200B86B10 /* TrackModel.swift in Sources */,
				301F51781F276FB600B86B10 /* SearchResultModel.swift in Sources */,
				F40DBF501EAF6C54002F6C11 /* UARInstruction.m in Sources */,
				3D16F4A71FA9B7D200C6436A /* StatisticRequest.swift in Sources */,
				301F22F61F2F4807003A2DC7 /* SettingsViewModel.swift in Sources */,
				F40DBF4E1EAF6C54002F6C11 /* UIColor+UARColor.m in Sources */,
				301F51121F276BBC00B86B10 /* RecordService.swift in Sources */,
				F40DBF4B1EAF6C54002F6C11 /* MKMapView+ZoomLevel.m in Sources */,
				F40DBF521EAF6C54002F6C11 /* UARMapDataProvider.m in Sources */,
				301F50F41F276BBC00B86B10 /* Closures.swift in Sources */,
				301F51831F2771F100B86B10 /* TracksVC.swift in Sources */,
				3D3F9C8B1FB08B2B005B78DB /* RouteCheckRequest.swift in Sources */,
				301F51081F276BBC00B86B10 /* PrintExtensions.swift in Sources */,
				301F513C1F276BE900B86B10 /* FooterSignIn.swift in Sources */,
				301F50FB1F276BBC00B86B10 /* TabBarVC.swift in Sources */,
				F40DBF4C1EAF6C54002F6C11 /* MKPolyline+UARPolylineEncodedString.m in Sources */,
				301F51111F276BBC00B86B10 /* RealmManager.swift in Sources */,
				301F510B1F276BBC00B86B10 /* AnalyticManager.swift in Sources */,
				F40DBF531EAF6C54002F6C11 /* UARRoadController.m in Sources */,
				301F51421F276BE900B86B10 /* RecordedCell.swift in Sources */,
				3D16F4A41FA9B7C800C6436A /* BaseRequestProtocol.swift in Sources */,
				301F51691F276EE400B86B10 /* CurrentTrackView.swift in Sources */,
				3D16F4A81FA9B7D400C6436A /* SendRecordTrackRequest.swift in Sources */,
				301F510C1F276BBC00B86B10 /* AutostartManager.swift in Sources */,
				301F510A1F276BBC00B86B10 /* AlertManager.swift in Sources */,
				301F51751F276F6200B86B10 /* PitModel.swift in Sources */,
				8454F1D81F9E12C800D59ACB /* Storyboard.swift in Sources */,
				301F510E1F276BBC00B86B10 /* HUDManaged.swift in Sources */,
				301F510D1F276BBC00B86B10 /* DateManager.swift in Sources */,
				3D16F4AB1FA9B9F900C6436A /* BaseRequest.swift in Sources */,
				301F518F1F289AB200B86B10 /* TracksFileManager.swift in Sources */,
				301F51151F276BBC00B86B10 /* NetworkManager.swift in Sources */,
				3D16F4A91FA9B7D600C6436A /* SearchGeoRequest.swift in Sources */,
				301F51711F276EF100B86B10 /* BorderButton.swift in Sources */,
				301F51031F276BBC00B86B10 /* Color.swift in Sources */,
				3D16F4A61FA9B7D000C6436A /* SignInRequest.swift in Sources */,
				F40DBF541EAF6C54002F6C11 /* UARRouteJSONParser.m in Sources */,
				301F51841F2771F100B86B10 /* SettingsVC.swift in Sources */,
				F40DBF4D1EAF6C54002F6C11 /* NSString+UARString.m in Sources */,
				301F51701F276EF100B86B10 /* ArcButton.swift in Sources */,
				301F50FA1F276BBC00B86B10 /* BaseVC.swift in Sources */,
				301F51411F276BE900B86B10 /* BaseCell.swift in Sources */,
				301F51941F29E0E000B86B10 /* NetworkConnectionManager.swift in Sources */,
				301F51091F276BBC00B86B10 /* Utilities.swift in Sources */,
				8436D3151F98DF1100C4C3C9 /* AlertRenderer.swift in Sources */,
				301F51441F276BE900B86B10 /* SettingsTFCell.swift in Sources */,
				301F51821F2771F100B86B10 /* TutorialVC.swift in Sources */,
				301F51851F2771F100B86B10 /* RouteBuidVC.swift in Sources */,
				301F50F51F276BBC00B86B10 /* Constants.swift in Sources */,
				301F51101F276BBC00B86B10 /* MotionManager.swift in Sources */,
				301F51191F276BBC00B86B10 /* MainVCProtocol.swift in Sources */,
				301F51071F276BBC00B86B10 /* NSString+MD5.m in Sources */,
				301F51041F276BBC00B86B10 /* GFunctions.swift in Sources */,
				301F51061F276BBC00B86B10 /* GZIP.m in Sources */,
				F40DBF4F1EAF6C54002F6C11 /* UARDefines.m in Sources */,
				F40DBF551EAF6C54002F6C11 /* UARCircleButton.m in Sources */,
				301F510F1F276BBC00B86B10 /* LocationManager.swift in Sources */,
				301F51431F276BE900B86B10 /* SettingsSwitchCell.swift in Sources */,
				301F518D1F277F0300B86B10 /* RecordTrackViewModel.swift in Sources */,
				301F51401F276BE900B86B10 /* GraphView.swift in Sources */,
				301F518A1F2771FC00B86B10 /* RecordTrackVC.swift in Sources */,
			);
			runOnlyForDeploymentPostprocessing = 0;
		};
/* End PBXSourcesBuildPhase section */

/* Begin PBXVariantGroup section */
		427E76A51F4321440057CA36 /* Localizable.strings */ = {
			isa = PBXVariantGroup;
			children = (
				427E76A61F4321470057CA36 /* Base */,
				427E76A91F44459D0057CA36 /* ru */,
				426482CC1F445BD4002077ED /* uk */,
			);
			name = Localizable.strings;
			sourceTree = "<group>";
		};
		F40D92E81E97768B00647D5E /* LaunchScreen.storyboard */ = {
			isa = PBXVariantGroup;
			children = (
				F40D92E91E97768B00647D5E /* Base */,
			);
			name = LaunchScreen.storyboard;
			path = ..;
			sourceTree = "<group>";
		};
		F40DBF231EAF6C54002F6C11 /* Navigation.storyboard */ = {
			isa = PBXVariantGroup;
			children = (
				F40DBF241EAF6C54002F6C11 /* Base */,
			);
			name = Navigation.storyboard;
			sourceTree = "<group>";
		};
/* End PBXVariantGroup section */

/* Begin XCBuildConfiguration section */
		F40D92EC1E97768B00647D5E /* Debug */ = {
			isa = XCBuildConfiguration;
			buildSettings = {
				ALWAYS_SEARCH_USER_PATHS = NO;
				CLANG_ANALYZER_NONNULL = YES;
				CLANG_ANALYZER_NUMBER_OBJECT_CONVERSION = YES_AGGRESSIVE;
				CLANG_CXX_LANGUAGE_STANDARD = "gnu++0x";
				CLANG_CXX_LIBRARY = "libc++";
				CLANG_ENABLE_MODULES = YES;
				CLANG_ENABLE_OBJC_ARC = YES;
				CLANG_WARN_BOOL_CONVERSION = YES;
				CLANG_WARN_CONSTANT_CONVERSION = YES;
				CLANG_WARN_DIRECT_OBJC_ISA_USAGE = YES_ERROR;
				CLANG_WARN_DOCUMENTATION_COMMENTS = YES;
				CLANG_WARN_EMPTY_BODY = YES;
				CLANG_WARN_ENUM_CONVERSION = YES;
				CLANG_WARN_INFINITE_RECURSION = YES;
				CLANG_WARN_INT_CONVERSION = YES;
				CLANG_WARN_OBJC_ROOT_CLASS = YES_ERROR;
				CLANG_WARN_SUSPICIOUS_MOVE = YES;
				CLANG_WARN_UNREACHABLE_CODE = YES;
				CLANG_WARN__DUPLICATE_METHOD_MATCH = YES;
				"CODE_SIGN_IDENTITY[sdk=iphoneos*]" = "iPhone Developer";
				COPY_PHASE_STRIP = NO;
				DEBUG_INFORMATION_FORMAT = dwarf;
				ENABLE_STRICT_OBJC_MSGSEND = YES;
				ENABLE_TESTABILITY = YES;
				GCC_C_LANGUAGE_STANDARD = gnu99;
				GCC_DYNAMIC_NO_PIC = NO;
				GCC_NO_COMMON_BLOCKS = YES;
				GCC_OPTIMIZATION_LEVEL = 0;
				GCC_PREPROCESSOR_DEFINITIONS = (
					"DEBUG=1",
					"$(inherited)",
				);
				GCC_WARN_64_TO_32_BIT_CONVERSION = YES;
				GCC_WARN_ABOUT_RETURN_TYPE = YES_ERROR;
				GCC_WARN_UNDECLARED_SELECTOR = YES;
				GCC_WARN_UNINITIALIZED_AUTOS = YES_AGGRESSIVE;
				GCC_WARN_UNUSED_FUNCTION = YES;
				GCC_WARN_UNUSED_VARIABLE = YES;
				IPHONEOS_DEPLOYMENT_TARGET = 10.3;
				MTL_ENABLE_DEBUG_INFO = YES;
				ONLY_ACTIVE_ARCH = YES;
				SDKROOT = iphoneos;
				SWIFT_ACTIVE_COMPILATION_CONDITIONS = DEBUG;
				SWIFT_OPTIMIZATION_LEVEL = "-Onone";
			};
			name = Debug;
		};
		F40D92ED1E97768B00647D5E /* Release */ = {
			isa = XCBuildConfiguration;
			buildSettings = {
				ALWAYS_SEARCH_USER_PATHS = NO;
				CLANG_ANALYZER_NONNULL = YES;
				CLANG_ANALYZER_NUMBER_OBJECT_CONVERSION = YES_AGGRESSIVE;
				CLANG_CXX_LANGUAGE_STANDARD = "gnu++0x";
				CLANG_CXX_LIBRARY = "libc++";
				CLANG_ENABLE_MODULES = YES;
				CLANG_ENABLE_OBJC_ARC = YES;
				CLANG_WARN_BOOL_CONVERSION = YES;
				CLANG_WARN_CONSTANT_CONVERSION = YES;
				CLANG_WARN_DIRECT_OBJC_ISA_USAGE = YES_ERROR;
				CLANG_WARN_DOCUMENTATION_COMMENTS = YES;
				CLANG_WARN_EMPTY_BODY = YES;
				CLANG_WARN_ENUM_CONVERSION = YES;
				CLANG_WARN_INFINITE_RECURSION = YES;
				CLANG_WARN_INT_CONVERSION = YES;
				CLANG_WARN_OBJC_ROOT_CLASS = YES_ERROR;
				CLANG_WARN_SUSPICIOUS_MOVE = YES;
				CLANG_WARN_UNREACHABLE_CODE = YES;
				CLANG_WARN__DUPLICATE_METHOD_MATCH = YES;
				"CODE_SIGN_IDENTITY[sdk=iphoneos*]" = "iPhone Developer";
				COPY_PHASE_STRIP = NO;
				DEBUG_INFORMATION_FORMAT = "dwarf-with-dsym";
				ENABLE_NS_ASSERTIONS = NO;
				ENABLE_STRICT_OBJC_MSGSEND = YES;
				GCC_C_LANGUAGE_STANDARD = gnu99;
				GCC_NO_COMMON_BLOCKS = YES;
				GCC_WARN_64_TO_32_BIT_CONVERSION = YES;
				GCC_WARN_ABOUT_RETURN_TYPE = YES_ERROR;
				GCC_WARN_UNDECLARED_SELECTOR = YES;
				GCC_WARN_UNINITIALIZED_AUTOS = YES_AGGRESSIVE;
				GCC_WARN_UNUSED_FUNCTION = YES;
				GCC_WARN_UNUSED_VARIABLE = YES;
				IPHONEOS_DEPLOYMENT_TARGET = 10.3;
				MTL_ENABLE_DEBUG_INFO = NO;
				SDKROOT = iphoneos;
				SWIFT_OPTIMIZATION_LEVEL = "-Owholemodule";
				VALIDATE_PRODUCT = YES;
			};
			name = Release;
		};
		F40D92EF1E97768B00647D5E /* Debug */ = {
			isa = XCBuildConfiguration;
			baseConfigurationReference = 4CD6EC8F18AF35840D729182 /* Pods-UARoads_swift.debug.xcconfig */;
			buildSettings = {
				ASSETCATALOG_COMPILER_APPICON_NAME = AppIcon;
				CLANG_ENABLE_MODULES = YES;
				CODE_SIGN_IDENTITY = "iPhone Developer: Stepan Tanasiychuk (LEV354M4R3)";
				"CODE_SIGN_IDENTITY[sdk=iphoneos*]" = "iPhone Developer";
				CODE_SIGN_STYLE = Manual;
				DEVELOPMENT_TEAM = B53N648P93;
				FRAMEWORK_SEARCH_PATHS = (
					"$(inherited)",
					"$(PROJECT_DIR)/UARoads_swift/uaroads-com-ios/Pods/Crashlytics",
					"$(PROJECT_DIR)/UARoads_swift/uaroads-com-ios/Pods/Fabric",
					"$(PROJECT_DIR)/UARoads_swift/uaroads-com-ios/Pods/Fabric/iOS",
					"$(PROJECT_DIR)/UARoads_swift/uaroads-com-ios/uaroads_nav/Pods/Crashlytics",
					"$(PROJECT_DIR)/UARoads_swift/uaroads-com-ios/uaroads_nav/Pods/Fabric",
					"$(PROJECT_DIR)/uaroads_nav/Pods/Crashlytics",
					"$(PROJECT_DIR)/uaroads_nav/Pods/Fabric",
				);
				INFOPLIST_FILE = UARoads_swift/Info.plist;
				IPHONEOS_DEPLOYMENT_TARGET = 10.0;
				LD_RUNPATH_SEARCH_PATHS = "$(inherited) @executable_path/Frameworks";
				LIBRARY_SEARCH_PATHS = (
					"$(inherited)",
					"$(PROJECT_DIR)/UARoads_swift/uaroads-com-ios",
					"$(PROJECT_DIR)/UARoads_swift/uaroads-com-ios/Pods/Google/Libraries",
					"$(PROJECT_DIR)/UARoads_swift/uaroads-com-ios/Pods/GoogleAnalytics/Libraries",
					"$(PROJECT_DIR)/UARoads_swift/uaroads-com-ios/Pods/GoogleNetworkingUtilities/Libraries",
					"$(PROJECT_DIR)/UARoads_swift/uaroads-com-ios/Pods/GoogleSymbolUtilities/Libraries",
					"$(PROJECT_DIR)/UARoads_swift/uaroads-com-ios/Pods/GoogleUtilities/Libraries",
					"$(PROJECT_DIR)/UARoads_swift/uaroads-com-ios/Pods/Heap",
				);
				PRODUCT_BUNDLE_IDENTIFIER = com.stfalcon.uaroads3;
				PRODUCT_NAME = "UA Roads";
				PROVISIONING_PROFILE = "e0d5d7c8-608b-4f56-9bd8-b471c5a9a7c3";
				PROVISIONING_PROFILE_SPECIFIER = uaRoadsDev;
				SWIFT_OBJC_BRIDGING_HEADER = "UARoads_swift/Classes/UARoads_swift-Bridging-Header.h";
				SWIFT_OPTIMIZATION_LEVEL = "-Onone";
				SWIFT_VERSION = 3.0;
				TARGETED_DEVICE_FAMILY = "1,2";
			};
			name = Debug;
		};
		F40D92F01E97768B00647D5E /* Release */ = {
			isa = XCBuildConfiguration;
			baseConfigurationReference = FDC58852CDCE387B891356DF /* Pods-UARoads_swift.release.xcconfig */;
			buildSettings = {
				ASSETCATALOG_COMPILER_APPICON_NAME = AppIcon;
				CLANG_ENABLE_MODULES = YES;
				CODE_SIGN_IDENTITY = "iPhone Developer: Stepan Tanasiychuk (LEV354M4R3)";
				"CODE_SIGN_IDENTITY[sdk=iphoneos*]" = "iPhone Distribution";
				CODE_SIGN_STYLE = Manual;
				DEVELOPMENT_TEAM = B53N648P93;
				FRAMEWORK_SEARCH_PATHS = (
					"$(inherited)",
					"$(PROJECT_DIR)/UARoads_swift/uaroads-com-ios/Pods/Crashlytics",
					"$(PROJECT_DIR)/UARoads_swift/uaroads-com-ios/Pods/Fabric",
					"$(PROJECT_DIR)/UARoads_swift/uaroads-com-ios/Pods/Fabric/iOS",
					"$(PROJECT_DIR)/UARoads_swift/uaroads-com-ios/uaroads_nav/Pods/Crashlytics",
					"$(PROJECT_DIR)/UARoads_swift/uaroads-com-ios/uaroads_nav/Pods/Fabric",
					"$(PROJECT_DIR)/uaroads_nav/Pods/Crashlytics",
					"$(PROJECT_DIR)/uaroads_nav/Pods/Fabric",
				);
				INFOPLIST_FILE = UARoads_swift/Info.plist;
				IPHONEOS_DEPLOYMENT_TARGET = 10.0;
				LD_RUNPATH_SEARCH_PATHS = "$(inherited) @executable_path/Frameworks";
				LIBRARY_SEARCH_PATHS = (
					"$(inherited)",
					"$(PROJECT_DIR)/UARoads_swift/uaroads-com-ios",
					"$(PROJECT_DIR)/UARoads_swift/uaroads-com-ios/Pods/Google/Libraries",
					"$(PROJECT_DIR)/UARoads_swift/uaroads-com-ios/Pods/GoogleAnalytics/Libraries",
					"$(PROJECT_DIR)/UARoads_swift/uaroads-com-ios/Pods/GoogleNetworkingUtilities/Libraries",
					"$(PROJECT_DIR)/UARoads_swift/uaroads-com-ios/Pods/GoogleSymbolUtilities/Libraries",
					"$(PROJECT_DIR)/UARoads_swift/uaroads-com-ios/Pods/GoogleUtilities/Libraries",
					"$(PROJECT_DIR)/UARoads_swift/uaroads-com-ios/Pods/Heap",
				);
				PRODUCT_BUNDLE_IDENTIFIER = com.stfalcon.uaroads3;
				PRODUCT_NAME = "UA Roads";
				PROVISIONING_PROFILE = "33614a3d-a39b-4c99-bde0-fb9a131a527e";
				PROVISIONING_PROFILE_SPECIFIER = uaRoadsDistr;
				SWIFT_OBJC_BRIDGING_HEADER = "UARoads_swift/Classes/UARoads_swift-Bridging-Header.h";
				SWIFT_VERSION = 3.0;
				TARGETED_DEVICE_FAMILY = "1,2";
			};
			name = Release;
		};
/* End XCBuildConfiguration section */

/* Begin XCConfigurationList section */
		F40D92D71E97768B00647D5E /* Build configuration list for PBXProject "UARoads_swift" */ = {
			isa = XCConfigurationList;
			buildConfigurations = (
				F40D92EC1E97768B00647D5E /* Debug */,
				F40D92ED1E97768B00647D5E /* Release */,
			);
			defaultConfigurationIsVisible = 0;
			defaultConfigurationName = Release;
		};
		F40D92EE1E97768B00647D5E /* Build configuration list for PBXNativeTarget "UARoads_swift" */ = {
			isa = XCConfigurationList;
			buildConfigurations = (
				F40D92EF1E97768B00647D5E /* Debug */,
				F40D92F01E97768B00647D5E /* Release */,
			);
			defaultConfigurationIsVisible = 0;
			defaultConfigurationName = Release;
		};
/* End XCConfigurationList section */
	};
	rootObject = F40D92D41E97768B00647D5E /* Project object */;
}
